// !$*UTF8*$!
{
	archiveVersion = 1;
	classes = {
	};
	objectVersion = 77;
	objects = {

/* Begin PBXBuildFile section */
		013191456D46396EC3733AFE /* RepositoryHistoryEntry.swift in Sources */ = {isa = PBXBuildFile; fileRef = AC44F1EA75D3F120FE363517 /* RepositoryHistoryEntry.swift */; };
		0503E9516BB373A6FD153E95 /* RiskHintEngine.swift in Sources */ = {isa = PBXBuildFile; fileRef = 4FC9E4B94120417BEA440F34 /* RiskHintEngine.swift */; };
		079749EF205ED5DC9FB68838 /* PendingCenterView.swift in Sources */ = {isa = PBXBuildFile; fileRef = 157D645D890A1DF198D9F35F /* PendingCenterView.swift */; };
		09CE04DE31562E7D37A0424C /* ActivityTimelineView.swift in Sources */ = {isa = PBXBuildFile; fileRef = C077E9C7FFD317DB32684A75 /* ActivityTimelineView.swift */; };
		0D82700CD6FE4AC0D0C619C9 /* RepositoryHistoryStore.swift in Sources */ = {isa = PBXBuildFile; fileRef = DE71889ED2102542B5177B76 /* RepositoryHistoryStore.swift */; };
		10EF2B32A9EEE6B18EA40BE4 /* WorkspaceListView.swift in Sources */ = {isa = PBXBuildFile; fileRef = DFE617E9CBD6118C3B6BF10B /* WorkspaceListView.swift */; };
		125EA2D6B739BD0F275581A8 /* RepositoryHealthView.swift in Sources */ = {isa = PBXBuildFile; fileRef = B9D822E7BADE485482BA9039 /* RepositoryHealthView.swift */; };
		1373D31712209B62DDA34E06 /* ScanDataConsistencyTests.swift in Sources */ = {isa = PBXBuildFile; fileRef = C40B139841EB7109D333563B /* ScanDataConsistencyTests.swift */; };
		18B29095C97F5C3E4E1D5BBF /* BackupManagementView.swift in Sources */ = {isa = PBXBuildFile; fileRef = E45B918EB56DB99D7C2EA8B4 /* BackupManagementView.swift */; };
		2077EB20A27BA897CC8349D6 /* DevPulseWidget.swift in Sources */ = {isa = PBXBuildFile; fileRef = 193D9DD3EE1AFEEAD2F6BD9B /* DevPulseWidget.swift */; };
		20A336F3EFA672F008D452E4 /* SettingsView.swift in Sources */ = {isa = PBXBuildFile; fileRef = 430D01D16B454ECCF1FD87B6 /* SettingsView.swift */; };
		25FA6A32C1FDE392E69EF8F6 /* BackupScheduler.swift in Sources */ = {isa = PBXBuildFile; fileRef = 725EF302FE4452FE8B9A5DB8 /* BackupScheduler.swift */; };
		2C57665B925F89340F25C709 /* SnapshotStoreRecoveryTests.swift in Sources */ = {isa = PBXBuildFile; fileRef = 54D8572255E924DBC19ED594 /* SnapshotStoreRecoveryTests.swift */; };
		2CB5F207A8FC55BCC994ADF0 /* BackupManager.swift in Sources */ = {isa = PBXBuildFile; fileRef = CB0F2C6F2B159059DE87F41D /* BackupManager.swift */; };
		334B568670E29248D68DA6E3 /* WorkspaceMigration.swift in Sources */ = {isa = PBXBuildFile; fileRef = B436DC4953A030C9544D7696 /* WorkspaceMigration.swift */; };
		34042E4DE0DC21FD99275E03 /* CommitReadinessBadge.swift in Sources */ = {isa = PBXBuildFile; fileRef = 6B83D6676ABCBF8EC2ECC312 /* CommitReadinessBadge.swift */; };
		3562405B70B31CAFB621059B /* PerformanceBaseline.swift in Sources */ = {isa = PBXBuildFile; fileRef = F3F95204D859C68CE09B946F /* PerformanceBaseline.swift */; };
		3A53ECD0BEABA5A9FB370792 /* SharedSnapshotStore.swift in Sources */ = {isa = PBXBuildFile; fileRef = E71B108728D45F02D3FFBAD2 /* SharedSnapshotStore.swift */; };
		3D1CAE70252A5362C145F8E7 /* ReleaseReadinessEngine.swift in Sources */ = {isa = PBXBuildFile; fileRef = 46F425CF5E74292FDBA58C90 /* ReleaseReadinessEngine.swift */; };
		420C5FBC113F91067E5F1C44 /* ExcludedDirectoryRules.swift in Sources */ = {isa = PBXBuildFile; fileRef = 3F2466DCDD8419ADCB6CFFE4 /* ExcludedDirectoryRules.swift */; };
		450AE7616CDDE6EF3CD4E68F /* CrossProcessConcurrencyTests.swift in Sources */ = {isa = PBXBuildFile; fileRef = 063E338F89DD7847F4B6F450 /* CrossProcessConcurrencyTests.swift */; };
		4756A22C34BBF4DB5FC50160 /* ScanScheduler.swift in Sources */ = {isa = PBXBuildFile; fileRef = C1DBE97E14F6BDC4379360B3 /* ScanScheduler.swift */; };
		483DF2795228CFA4CA884B9F /* ImpactOverviewView.swift in Sources */ = {isa = PBXBuildFile; fileRef = CC5BDD5A5BB8B8572ABF035A /* ImpactOverviewView.swift */; };
		49C1EA0D02350244BB420271 /* RepositoryHealthOverview.swift in Sources */ = {isa = PBXBuildFile; fileRef = 9978D8D85B12D5F3534EDE0B /* RepositoryHealthOverview.swift */; };
		49D4D52BD2A61B5EF0B0325A /* LifecycleSystemTests.swift in Sources */ = {isa = PBXBuildFile; fileRef = 0B0BD16B9CE4979036A34F54 /* LifecycleSystemTests.swift */; };
		4C2A004BDA006469F5312907 /* BackupMergeResolver.swift in Sources */ = {isa = PBXBuildFile; fileRef = A744371F18D02CDEFFD89C4A /* BackupMergeResolver.swift */; };
		504F24F0653FC1E22EC464C3 /* GitRepositoryScanner.swift in Sources */ = {isa = PBXBuildFile; fileRef = 55E2FDD7871BDFDB2CC8B06B /* GitRepositoryScanner.swift */; };
		5417AF02E3ABA7271AFA264B /* PendingItem.swift in Sources */ = {isa = PBXBuildFile; fileRef = A5D455DE534BFFF61045A382 /* PendingItem.swift */; };
		56ED6F25F59FE9BD8417FE93 /* ScanConcurrencyTests.swift in Sources */ = {isa = PBXBuildFile; fileRef = 709DA972FD51562239AD301B /* ScanConcurrencyTests.swift */; };
		57B59464013F3A998B50D363 /* WorkspaceModel.swift in Sources */ = {isa = PBXBuildFile; fileRef = 9B236311B70A78FD0218D9C1 /* WorkspaceModel.swift */; };
		5A48594A116CA9170601D985 /* DevPulseApp.swift in Sources */ = {isa = PBXBuildFile; fileRef = 90B89322FFA8C1A38DBAA36A /* DevPulseApp.swift */; };
		5A9B32126AC61CD1B0003580 /* DevPulseWidgetExtension.appex in Embed Foundation Extensions */ = {isa = PBXBuildFile; fileRef = 9833E1AABFC26AF5C65068AE /* DevPulseWidgetExtension.appex */; settings = {ATTRIBUTES = (RemoveHeadersOnCopy, ); }; };
		5E77B80429EF9F50030ED368 /* WidgetLifecycleScenariosTests.swift in Sources */ = {isa = PBXBuildFile; fileRef = 7EDB4CA2F4D720E206F0E3CC /* WidgetLifecycleScenariosTests.swift */; };
		5FFD80DCF59731AFD754DB3F /* ContentView.swift in Sources */ = {isa = PBXBuildFile; fileRef = 0A2CBE8389817E81B7EA977B /* ContentView.swift */; };
		610B667B3E8DF6AB13885FD6 /* SwiftUI.framework in Frameworks */ = {isa = PBXBuildFile; fileRef = 08F7D554DD3218B1B6EAE487 /* SwiftUI.framework */; };
		613AB686BE6B83560B39AE36 /* DiagnosticMigration.swift in Sources */ = {isa = PBXBuildFile; fileRef = 4B086D3B23AF18A17561FA07 /* DiagnosticMigration.swift */; };
		61E0D367C2C4D78F9E8A85BC /* DiagnosticReport.swift in Sources */ = {isa = PBXBuildFile; fileRef = 3FE5420253894ED36B74D9DF /* DiagnosticReport.swift */; };
		61F6C2F1CA94D16A7A2352E8 /* BaselineManager.swift in Sources */ = {isa = PBXBuildFile; fileRef = 142D984DADF313521B7D7C68 /* BaselineManager.swift */; };
		627EA0E77DAC5C5E1F23B463 /* WorkspaceDetailView.swift in Sources */ = {isa = PBXBuildFile; fileRef = B33FBC37F193D2A7308A29DA /* WorkspaceDetailView.swift */; };
		631930EBC857925A4B36B5FC /* RefreshObservation.swift in Sources */ = {isa = PBXBuildFile; fileRef = C68ECD7EE9E71D2B88107676 /* RefreshObservation.swift */; };
		681A9E20507C3403C409D971 /* AnalysisPipeline.swift in Sources */ = {isa = PBXBuildFile; fileRef = 7FC5D812A4D8125789A19341 /* AnalysisPipeline.swift */; };
		69527D37AA1EB5562B7D2F7F /* CommitReadinessBadge.swift in Sources */ = {isa = PBXBuildFile; fileRef = 6B83D6676ABCBF8EC2ECC312 /* CommitReadinessBadge.swift */; };
		69AC333B47B342FB581C2246 /* RepositoryActivityConsistencyTests.swift in Sources */ = {isa = PBXBuildFile; fileRef = 3A7198B4458E229162B7A3CB /* RepositoryActivityConsistencyTests.swift */; };
		6B483934B4FE0B83A25EF106 /* CrossProcessPipelineTests.swift in Sources */ = {isa = PBXBuildFile; fileRef = 2BB1A121BDF872845E028B42 /* CrossProcessPipelineTests.swift */; };
		6D9986B44A950508EB8F904E /* RepositorySorter.swift in Sources */ = {isa = PBXBuildFile; fileRef = 845B9939E8EF6ECDB9166F58 /* RepositorySorter.swift */; };
		6E1618A7338FE09458999CD0 /* BackupModels.swift in Sources */ = {isa = PBXBuildFile; fileRef = 36C3ECFCBC2919B8464FF3CF /* BackupModels.swift */; };
		71F546DE4356E96F6F620919 /* RestoreManager.swift in Sources */ = {isa = PBXBuildFile; fileRef = BA5EEFEFD2B8A1D86CD5A217 /* RestoreManager.swift */; };
		727379FE3DC69DFB2A8A52AE /* GitCommitLogParser.swift in Sources */ = {isa = PBXBuildFile; fileRef = FD86A623CAC3519AC0C30562 /* GitCommitLogParser.swift */; };
		729441BA73376C2E8FE802E0 /* PendingItem.swift in Sources */ = {isa = PBXBuildFile; fileRef = A5D455DE534BFFF61045A382 /* PendingItem.swift */; };
		7683880DEDE034FE18B40AD7 /* ActivityEvent.swift in Sources */ = {isa = PBXBuildFile; fileRef = 4873AE6A2FD23DFD36A924A9 /* ActivityEvent.swift */; };
		79689CEC5AB1653B7346E632 /* ScanConfigSanitizationTests.swift in Sources */ = {isa = PBXBuildFile; fileRef = 614D5381B3D42F946B92DF57 /* ScanConfigSanitizationTests.swift */; };
		7E769276C743399A3F96EF79 /* SharedSnapshotStoreTests.swift in Sources */ = {isa = PBXBuildFile; fileRef = 50B10E2A750C19F9D6465579 /* SharedSnapshotStoreTests.swift */; };
		8062866E16AE1427B81B65B4 /* Models.swift in Sources */ = {isa = PBXBuildFile; fileRef = 94E9BC0F79AE40FCA5B9554E /* Models.swift */; };
		8110F153D595C2B6F90A3786 /* ScannerTimeoutErrorTests.swift in Sources */ = {isa = PBXBuildFile; fileRef = 3AF0DF659E3021279B8E1484 /* ScannerTimeoutErrorTests.swift */; };
		81E4A4513C1D06A1D5834C46 /* RepositoryHealthOverviewTests.swift in Sources */ = {isa = PBXBuildFile; fileRef = C2049C828683B9C57F42AD81 /* RepositoryHealthOverviewTests.swift */; };
		820E27DB980988D1A11D34BA /* LaunchAtLoginControllerTests.swift in Sources */ = {isa = PBXBuildFile; fileRef = 6905C32690CB29628B456791 /* LaunchAtLoginControllerTests.swift */; };
		833F0CD938C2F79B70A2C386 /* WorkspaceAggregationEngine.swift in Sources */ = {isa = PBXBuildFile; fileRef = 8B059AE4B78CE7B544858698 /* WorkspaceAggregationEngine.swift */; };
		83DD4680257CC5249EE46614 /* LifecycleSleepWakeTests.swift in Sources */ = {isa = PBXBuildFile; fileRef = CAFA02D405156E1CECC24384 /* LifecycleSleepWakeTests.swift */; };
		8446B0AFDA6993FB16979F38 /* Models.swift in Sources */ = {isa = PBXBuildFile; fileRef = 94E9BC0F79AE40FCA5B9554E /* Models.swift */; };
		852F71D129C30192A4890E27 /* DateFormatting.swift in Sources */ = {isa = PBXBuildFile; fileRef = 1C7D3FB592624A4168700A13 /* DateFormatting.swift */; };
		860121B4C6F61838C22293F3 /* ActivityEvent.swift in Sources */ = {isa = PBXBuildFile; fileRef = 4873AE6A2FD23DFD36A924A9 /* ActivityEvent.swift */; };
		882B35E5E408E49E1DED581F /* WidgetKit.framework in Frameworks */ = {isa = PBXBuildFile; fileRef = C19C2135BD6C44B045597172 /* WidgetKit.framework */; };
		8AB49F7CE43E4449EF5229E0 /* RegressionGate.swift in Sources */ = {isa = PBXBuildFile; fileRef = 620FF1BB48B7D01C3F3053C3 /* RegressionGate.swift */; };
		8BC12867F1C7280F6790E3DD /* IOKit.framework in Frameworks */ = {isa = PBXBuildFile; fileRef = 953DF8B9FEC7C3AB05885E5F /* IOKit.framework */; };
		8E1BBFBFFC49E3796D312409 /* PendingItemStaleLifecycleTests.swift in Sources */ = {isa = PBXBuildFile; fileRef = 21D63010837B5DCD19C93345 /* PendingItemStaleLifecycleTests.swift */; };
		8F0C51D9A94210AF534563C4 /* ReliabilityLabTests.swift in Sources */ = {isa = PBXBuildFile; fileRef = 9E4809E57ABD4EFB974DF945 /* ReliabilityLabTests.swift */; };
		9116AE02764371B4BCFF99D0 /* RepositoryHealthEngine.swift in Sources */ = {isa = PBXBuildFile; fileRef = 576C6ADACA4040066B4CDA45 /* RepositoryHealthEngine.swift */; };
		932923E75A90C6CC366E24A5 /* RefreshCompletionTests.swift in Sources */ = {isa = PBXBuildFile; fileRef = 093DD315E92DC439C660CE15 /* RefreshCompletionTests.swift */; };
		932E31C7DADDBAC455692186 /* WorkspaceAutoSuggestEngine.swift in Sources */ = {isa = PBXBuildFile; fileRef = A3100E35EE27437595749827 /* WorkspaceAutoSuggestEngine.swift */; };
		9468C1CA3C3FD79232C0FA3F /* CommitReadinessEngine.swift in Sources */ = {isa = PBXBuildFile; fileRef = F57AB6845B384BF0D02696FE /* CommitReadinessEngine.swift */; };
		966B6CC915FD6C26E2C82AAE /* LifecyclePerformanceTests.swift in Sources */ = {isa = PBXBuildFile; fileRef = 3D3577373C30BF53B950708A /* LifecyclePerformanceTests.swift */; };
		96987FEA9AB938EA20A639AA /* ScanPerformanceTests.swift in Sources */ = {isa = PBXBuildFile; fileRef = E4467729AA87F474F61D66A5 /* ScanPerformanceTests.swift */; };
		976B4C4BAE8788B9B5ABCE6C /* ReleaseReadinessEngineTests.swift in Sources */ = {isa = PBXBuildFile; fileRef = D142EDD66FD491D63230418F /* ReleaseReadinessEngineTests.swift */; };
		97ABDCE830C38A99EE364C2F /* ScenarioGenerator.swift in Sources */ = {isa = PBXBuildFile; fileRef = CF683314F14D97DC1AB36120 /* ScenarioGenerator.swift */; };
		998D6C47DA344299BA8ECE32 /* AnalysisCache.swift in Sources */ = {isa = PBXBuildFile; fileRef = A3E6EF5E7EDCA17FE9EE9CD0 /* AnalysisCache.swift */; };
		9B01E92C9CF771D753C49343 /* PendingItemNotificationStore.swift in Sources */ = {isa = PBXBuildFile; fileRef = 8BDBBAA1899120A5A68273B7 /* PendingItemNotificationStore.swift */; };
		9B19A55E5FC74558F4E6FB3E /* AppGroupStore.swift in Sources */ = {isa = PBXBuildFile; fileRef = 5466A47E7000C06E8F25116F /* AppGroupStore.swift */; };
		9D84F3F90B2CCE0AA127BA81 /* DailyDevelopmentSummary.swift in Sources */ = {isa = PBXBuildFile; fileRef = 698CC214DDF7CDBF9A96146C /* DailyDevelopmentSummary.swift */; };
		9DCD2F1F6A28D3A9708D26FD /* FileCategoryClassifier.swift in Sources */ = {isa = PBXBuildFile; fileRef = 0FC3F7A1C981438F997EE56F /* FileCategoryClassifier.swift */; };
		9E00F89F4C14534E5665E091 /* SharedSnapshotStore.swift in Sources */ = {isa = PBXBuildFile; fileRef = E71B108728D45F02D3FFBAD2 /* SharedSnapshotStore.swift */; };
		9F4ECE573F04F84D9E73B2A6 /* ChangeImpactDiagnostics.swift in Sources */ = {isa = PBXBuildFile; fileRef = 1BBDC6D1EB593E4452622EF9 /* ChangeImpactDiagnostics.swift */; };
		A0FC0450DBFFDBE53F1E937C /* ChangeImpactModels.swift in Sources */ = {isa = PBXBuildFile; fileRef = 46ABF7EF58375016E9E0939E /* ChangeImpactModels.swift */; };
		A5B8E1DC8D705D7E0C473A31 /* ActivityEventTests.swift in Sources */ = {isa = PBXBuildFile; fileRef = 38019D067F07A18D0C8B1228 /* ActivityEventTests.swift */; };
		A686043F4E10659AB4C8EC8D /* DiagnosticDashboardView.swift in Sources */ = {isa = PBXBuildFile; fileRef = C1B51B353F839215FF7EF349 /* DiagnosticDashboardView.swift */; };
		A83F14E5BE89FDB93A5BA84D /* BackupPrivacyFilter.swift in Sources */ = {isa = PBXBuildFile; fileRef = 4914D49183901282555B4ECA /* BackupPrivacyFilter.swift */; };
		A85EADB123756799870A532E /* ChangeImpactEngine.swift in Sources */ = {isa = PBXBuildFile; fileRef = 89C000CF8021939D0E19015F /* ChangeImpactEngine.swift */; };
		A95B3265D9C1DBD9AC8D3CF2 /* WidgetDegradedRenderingTests.swift in Sources */ = {isa = PBXBuildFile; fileRef = 19316167B120605CCA6A26EA /* WidgetDegradedRenderingTests.swift */; };
		AA323B092857C9BA63774466 /* PendingItemDetailView.swift in Sources */ = {isa = PBXBuildFile; fileRef = 7ACF4094CFCB204630D4DE44 /* PendingItemDetailView.swift */; };
		AC5843D6975B89D2C8ECDB28 /* CommitReadinessEngineTests.swift in Sources */ = {isa = PBXBuildFile; fileRef = 048FC2CF2173C1D892EC77ED /* CommitReadinessEngineTests.swift */; };
		AE77DD4D184DF329AB2944FA /* ChangeImpactDataModelTests.swift in Sources */ = {isa = PBXBuildFile; fileRef = C774F4606B416DF91A009674 /* ChangeImpactDataModelTests.swift */; };
		B075232D93640FA43805EDD4 /* RefreshStage.swift in Sources */ = {isa = PBXBuildFile; fileRef = 15A75745DAEA35073E08C583 /* RefreshStage.swift */; };
		B17B9EC9738455A164087283 /* AnalysisCacheTests.swift in Sources */ = {isa = PBXBuildFile; fileRef = B88B7487E5A9ED22788931D2 /* AnalysisCacheTests.swift */; };
		B1F28D3092AD90887CD609AE /* FaultInjector.swift in Sources */ = {isa = PBXBuildFile; fileRef = 87709175ED6152D48D9E8621 /* FaultInjector.swift */; };
		B20DF522B9A6CD2A4977348D /* RepositoryHealthOverviewView.swift in Sources */ = {isa = PBXBuildFile; fileRef = B18FA95A8F6D4D2BFDF989B9 /* RepositoryHealthOverviewView.swift */; };
		B3CFFFC70C5D198A78D32D0B /* DependencyInferenceEngine.swift in Sources */ = {isa = PBXBuildFile; fileRef = 097812C7417A0B2A649EAA68 /* DependencyInferenceEngine.swift */; };
		BD58A42F1E02104F2AE3E2BD /* ProcessRunner.swift in Sources */ = {isa = PBXBuildFile; fileRef = 5968F0A10D3972BB29D23411 /* ProcessRunner.swift */; };
		BE01D2FC2D4201596B0A602B /* UnifiedLifecycleSystem.swift in Sources */ = {isa = PBXBuildFile; fileRef = 6B921ED1D9421AAA53BFE19C /* UnifiedLifecycleSystem.swift */; };
		C0D331A1143547659EE5A430 /* PendingItemStore.swift in Sources */ = {isa = PBXBuildFile; fileRef = 963BEF7BCDBA97703E7EE399 /* PendingItemStore.swift */; };
		C2DDB0B60BB46C64FE29ABCB /* BackupEngineTests.swift in Sources */ = {isa = PBXBuildFile; fileRef = EB0FD4B6B9AECCE2EC3AD452 /* BackupEngineTests.swift */; };
		C2FC7F15EA6C36092792324F /* StartupDiagnostics.swift in Sources */ = {isa = PBXBuildFile; fileRef = 6C995AB9E66A39D1A8C488CC /* StartupDiagnostics.swift */; };
		C45996D1F2C316A0C59224B5 /* LifecycleIntegrationTests.swift in Sources */ = {isa = PBXBuildFile; fileRef = DC0D8FCCB223755048CB3FDE /* LifecycleIntegrationTests.swift */; };
		CE1614797CB028768F0D21B6 /* LaunchAtLoginController.swift in Sources */ = {isa = PBXBuildFile; fileRef = 8DE4B7BA5FC4D5078129AEE9 /* LaunchAtLoginController.swift */; };
		CE4CE8E2E9E2299A0EA65298 /* ImpactPropagationEngine.swift in Sources */ = {isa = PBXBuildFile; fileRef = A3E3AAB1F6A9DB3247FDE9BB /* ImpactPropagationEngine.swift */; };
		D0FEF8C629D353E121F8924C /* DailyDevelopmentSummaryTests.swift in Sources */ = {isa = PBXBuildFile; fileRef = A98FC43933C8DF73FD989C7F /* DailyDevelopmentSummaryTests.swift */; };
		D11F728D12D9F5CE98F72397 /* ScanLocationProvider.swift in Sources */ = {isa = PBXBuildFile; fileRef = BADDD7619E8E0E8039AA7191 /* ScanLocationProvider.swift */; };
		D2D94BC43DAA71525D5C7DDD /* PendingItemEvaluator.swift in Sources */ = {isa = PBXBuildFile; fileRef = 46A07EDB2AD5CCB309A2E38A /* PendingItemEvaluator.swift */; };
		D5C29D5E66379FD6644FE3FC /* CommitReadinessEngine.swift in Sources */ = {isa = PBXBuildFile; fileRef = F57AB6845B384BF0D02696FE /* CommitReadinessEngine.swift */; };
		D6FFF17A0E20673152B93F1D /* ImpactPropagationEngineTests.swift in Sources */ = {isa = PBXBuildFile; fileRef = D8015118F910E22CA99AAF4B /* ImpactPropagationEngineTests.swift */; };
		D70A273CAFDE077A47280C31 /* BenchmarkSuite.swift in Sources */ = {isa = PBXBuildFile; fileRef = E957E32E853AD5A933841228 /* BenchmarkSuite.swift */; };
		DA2969332816F52B2D75E1E7 /* GitStatusParser.swift in Sources */ = {isa = PBXBuildFile; fileRef = D841CCB9CB4CD3921CB11160 /* GitStatusParser.swift */; };
		DE8B398982AFEA269E692197 /* PersistenceRecoveryTests.swift in Sources */ = {isa = PBXBuildFile; fileRef = 8E2E62BE36B9025D19A890EF /* PersistenceRecoveryTests.swift */; };
		DFB0DD9DC8FB03CA51462782 /* RepositoryHistoryStoreTests.swift in Sources */ = {isa = PBXBuildFile; fileRef = 45278127A8EBAC98011C4F5B /* RepositoryHistoryStoreTests.swift */; };
		E1E887CD1A12DFFE10CD7F03 /* WorkspaceModelTests.swift in Sources */ = {isa = PBXBuildFile; fileRef = 0774FF694E6FAEDDA9D1FDCF /* WorkspaceModelTests.swift */; };
		E2915D93B1396010242694F9 /* RefreshEngineIntegrationTests.swift in Sources */ = {isa = PBXBuildFile; fileRef = 68DFF34995F91119178611A4 /* RefreshEngineIntegrationTests.swift */; };
		E3D861EE9140D79B083BB50B /* ChangeImpactStore.swift in Sources */ = {isa = PBXBuildFile; fileRef = E13C2425946524467A7DE5BD /* ChangeImpactStore.swift */; };
		E43BBCE0B0DBC3100908105A /* RefreshEngine.swift in Sources */ = {isa = PBXBuildFile; fileRef = 0BEDD4A99733ED27DD72C9D1 /* RefreshEngine.swift */; };
		E75AC50DC06518A792C0474D /* DataFreshnessStateTests.swift in Sources */ = {isa = PBXBuildFile; fileRef = 5FD66E90A974075BC0D66016 /* DataFreshnessStateTests.swift */; };
		E76DF359857A4DB4A65D11A7 /* DateFormatting.swift in Sources */ = {isa = PBXBuildFile; fileRef = 1C7D3FB592624A4168700A13 /* DateFormatting.swift */; };
		E7FC26D0368998B9F817F8A3 /* ScanStatusView.swift in Sources */ = {isa = PBXBuildFile; fileRef = 317BDD24648E8023D33489F0 /* ScanStatusView.swift */; };
		E8D49150B8C2B720B4AE3490 /* RepositoryListView.swift in Sources */ = {isa = PBXBuildFile; fileRef = 5372E9A7A4D214017A6A3E05 /* RepositoryListView.swift */; };
		E9D54589ABB2B3D1F51E2AD8 /* Assets.xcassets in Resources */ = {isa = PBXBuildFile; fileRef = 6C0803CED3ED0B599315D845 /* Assets.xcassets */; };
		ED0EE7E8E5CFD29C82C4E530 /* RepositoryDetailView.swift in Sources */ = {isa = PBXBuildFile; fileRef = AB1A1522AC03BFB505888F70 /* RepositoryDetailView.swift */; };
		EFA3D44753134233740F79B9 /* BackupRetentionPolicy.swift in Sources */ = {isa = PBXBuildFile; fileRef = 983C7DEA1C0CA551532CEFE4 /* BackupRetentionPolicy.swift */; };
		F1540C68B86136A13087E450 /* BackupMigrationEngine.swift in Sources */ = {isa = PBXBuildFile; fileRef = 4CC734585D4ADCF92F4771F2 /* BackupMigrationEngine.swift */; };
		F3835F2463A794860CDCA8BF /* RepositoryDiscoveryExperienceTests.swift in Sources */ = {isa = PBXBuildFile; fileRef = 087151EDA65E84F82D33C331 /* RepositoryDiscoveryExperienceTests.swift */; };
		FB29D9E09ED33D3ACE700E55 /* FileCategoryClassifierTests.swift in Sources */ = {isa = PBXBuildFile; fileRef = CAB879833D061CF68A12B3FD /* FileCategoryClassifierTests.swift */; };
		FCE281428C518AFEB049B14D /* BuildConfigConsistencyTests.swift in Sources */ = {isa = PBXBuildFile; fileRef = 47E6795FFA7C4C7B1687D59D /* BuildConfigConsistencyTests.swift */; };
		FD91F63465149AA13A9675BD /* DevPulseWidget.swift in Sources */ = {isa = PBXBuildFile; fileRef = 193D9DD3EE1AFEEAD2F6BD9B /* DevPulseWidget.swift */; };
		FECE954C9C32B0BBBD8C69E9 /* TodayDevelopmentSummaryView.swift in Sources */ = {isa = PBXBuildFile; fileRef = D76819B413383311C227DE72 /* TodayDevelopmentSummaryView.swift */; };
/* End PBXBuildFile section */

/* Begin PBXContainerItemProxy section */
		8296BC3A35D7846C0999A54E /* PBXContainerItemProxy */ = {
			isa = PBXContainerItemProxy;
			containerPortal = 1183CFAD533E449E5E0F43B7 /* Project object */;
			proxyType = 1;
			remoteGlobalIDString = E5041EA581BD0B987059594E;
			remoteInfo = DevPulseWidgetExtension;
		};
		A9D5EB991A7ED8BD3098699D /* PBXContainerItemProxy */ = {
			isa = PBXContainerItemProxy;
			containerPortal = 1183CFAD533E449E5E0F43B7 /* Project object */;
			proxyType = 1;
			remoteGlobalIDString = 3F4D5EBC403852F2B41C01F8;
			remoteInfo = DevPulse;
		};
/* End PBXContainerItemProxy section */

/* Begin PBXCopyFilesBuildPhase section */
		A352C8A50E8EDC84276D1D01 /* Embed Foundation Extensions */ = {
			isa = PBXCopyFilesBuildPhase;
			buildActionMask = 2147483647;
			dstPath = "";
			dstSubfolderSpec = 13;
			files = (
				5A9B32126AC61CD1B0003580 /* DevPulseWidgetExtension.appex in Embed Foundation Extensions */,
			);
			name = "Embed Foundation Extensions";
			runOnlyForDeploymentPostprocessing = 0;
		};
/* End PBXCopyFilesBuildPhase section */

/* Begin PBXFileReference section */
		03EF463934B29F3AABA08BFA /* DevPulseTests.xctest */ = {isa = PBXFileReference; explicitFileType = wrapper.cfbundle; includeInIndex = 0; path = DevPulseTests.xctest; sourceTree = BUILT_PRODUCTS_DIR; };
		048FC2CF2173C1D892EC77ED /* CommitReadinessEngineTests.swift */ = {isa = PBXFileReference; lastKnownFileType = sourcecode.swift; path = CommitReadinessEngineTests.swift; sourceTree = "<group>"; };
		063E338F89DD7847F4B6F450 /* CrossProcessConcurrencyTests.swift */ = {isa = PBXFileReference; lastKnownFileType = sourcecode.swift; path = CrossProcessConcurrencyTests.swift; sourceTree = "<group>"; };
		0774FF694E6FAEDDA9D1FDCF /* WorkspaceModelTests.swift */ = {isa = PBXFileReference; lastKnownFileType = sourcecode.swift; path = WorkspaceModelTests.swift; sourceTree = "<group>"; };
		087151EDA65E84F82D33C331 /* RepositoryDiscoveryExperienceTests.swift */ = {isa = PBXFileReference; lastKnownFileType = sourcecode.swift; path = RepositoryDiscoveryExperienceTests.swift; sourceTree = "<group>"; };
		08F7D554DD3218B1B6EAE487 /* SwiftUI.framework */ = {isa = PBXFileReference; lastKnownFileType = wrapper.framework; name = SwiftUI.framework; path = System/Library/Frameworks/SwiftUI.framework; sourceTree = SDKROOT; };
		093DD315E92DC439C660CE15 /* RefreshCompletionTests.swift */ = {isa = PBXFileReference; lastKnownFileType = sourcecode.swift; path = RefreshCompletionTests.swift; sourceTree = "<group>"; };
		097812C7417A0B2A649EAA68 /* DependencyInferenceEngine.swift */ = {isa = PBXFileReference; lastKnownFileType = sourcecode.swift; path = DependencyInferenceEngine.swift; sourceTree = "<group>"; };
		0A2CBE8389817E81B7EA977B /* ContentView.swift */ = {isa = PBXFileReference; lastKnownFileType = sourcecode.swift; path = ContentView.swift; sourceTree = "<group>"; };
		0B0BD16B9CE4979036A34F54 /* LifecycleSystemTests.swift */ = {isa = PBXFileReference; lastKnownFileType = sourcecode.swift; path = LifecycleSystemTests.swift; sourceTree = "<group>"; };
		0BEDD4A99733ED27DD72C9D1 /* RefreshEngine.swift */ = {isa = PBXFileReference; lastKnownFileType = sourcecode.swift; path = RefreshEngine.swift; sourceTree = "<group>"; };
		0FC3F7A1C981438F997EE56F /* FileCategoryClassifier.swift */ = {isa = PBXFileReference; lastKnownFileType = sourcecode.swift; path = FileCategoryClassifier.swift; sourceTree = "<group>"; };
		142D984DADF313521B7D7C68 /* BaselineManager.swift */ = {isa = PBXFileReference; lastKnownFileType = sourcecode.swift; path = BaselineManager.swift; sourceTree = "<group>"; };
		157D645D890A1DF198D9F35F /* PendingCenterView.swift */ = {isa = PBXFileReference; lastKnownFileType = sourcecode.swift; path = PendingCenterView.swift; sourceTree = "<group>"; };
		15A75745DAEA35073E08C583 /* RefreshStage.swift */ = {isa = PBXFileReference; lastKnownFileType = sourcecode.swift; path = RefreshStage.swift; sourceTree = "<group>"; };
		19316167B120605CCA6A26EA /* WidgetDegradedRenderingTests.swift */ = {isa = PBXFileReference; lastKnownFileType = sourcecode.swift; path = WidgetDegradedRenderingTests.swift; sourceTree = "<group>"; };
		193D9DD3EE1AFEEAD2F6BD9B /* DevPulseWidget.swift */ = {isa = PBXFileReference; lastKnownFileType = sourcecode.swift; path = DevPulseWidget.swift; sourceTree = "<group>"; };
		1BBDC6D1EB593E4452622EF9 /* ChangeImpactDiagnostics.swift */ = {isa = PBXFileReference; lastKnownFileType = sourcecode.swift; path = ChangeImpactDiagnostics.swift; sourceTree = "<group>"; };
		1C7D3FB592624A4168700A13 /* DateFormatting.swift */ = {isa = PBXFileReference; lastKnownFileType = sourcecode.swift; path = DateFormatting.swift; sourceTree = "<group>"; };
		21D63010837B5DCD19C93345 /* PendingItemStaleLifecycleTests.swift */ = {isa = PBXFileReference; lastKnownFileType = sourcecode.swift; path = PendingItemStaleLifecycleTests.swift; sourceTree = "<group>"; };
		2BB1A121BDF872845E028B42 /* CrossProcessPipelineTests.swift */ = {isa = PBXFileReference; lastKnownFileType = sourcecode.swift; path = CrossProcessPipelineTests.swift; sourceTree = "<group>"; };
		317BDD24648E8023D33489F0 /* ScanStatusView.swift */ = {isa = PBXFileReference; lastKnownFileType = sourcecode.swift; path = ScanStatusView.swift; sourceTree = "<group>"; };
		36C3ECFCBC2919B8464FF3CF /* BackupModels.swift */ = {isa = PBXFileReference; lastKnownFileType = sourcecode.swift; path = BackupModels.swift; sourceTree = "<group>"; };
		38019D067F07A18D0C8B1228 /* ActivityEventTests.swift */ = {isa = PBXFileReference; lastKnownFileType = sourcecode.swift; path = ActivityEventTests.swift; sourceTree = "<group>"; };
		3A7198B4458E229162B7A3CB /* RepositoryActivityConsistencyTests.swift */ = {isa = PBXFileReference; lastKnownFileType = sourcecode.swift; path = RepositoryActivityConsistencyTests.swift; sourceTree = "<group>"; };
		3AF0DF659E3021279B8E1484 /* ScannerTimeoutErrorTests.swift */ = {isa = PBXFileReference; lastKnownFileType = sourcecode.swift; path = ScannerTimeoutErrorTests.swift; sourceTree = "<group>"; };
		3D3577373C30BF53B950708A /* LifecyclePerformanceTests.swift */ = {isa = PBXFileReference; lastKnownFileType = sourcecode.swift; path = LifecyclePerformanceTests.swift; sourceTree = "<group>"; };
		3F2466DCDD8419ADCB6CFFE4 /* ExcludedDirectoryRules.swift */ = {isa = PBXFileReference; lastKnownFileType = sourcecode.swift; path = ExcludedDirectoryRules.swift; sourceTree = "<group>"; };
		3FE5420253894ED36B74D9DF /* DiagnosticReport.swift */ = {isa = PBXFileReference; lastKnownFileType = sourcecode.swift; path = DiagnosticReport.swift; sourceTree = "<group>"; };
		430D01D16B454ECCF1FD87B6 /* SettingsView.swift */ = {isa = PBXFileReference; lastKnownFileType = sourcecode.swift; path = SettingsView.swift; sourceTree = "<group>"; };
		45278127A8EBAC98011C4F5B /* RepositoryHistoryStoreTests.swift */ = {isa = PBXFileReference; lastKnownFileType = sourcecode.swift; path = RepositoryHistoryStoreTests.swift; sourceTree = "<group>"; };
		46A07EDB2AD5CCB309A2E38A /* PendingItemEvaluator.swift */ = {isa = PBXFileReference; lastKnownFileType = sourcecode.swift; path = PendingItemEvaluator.swift; sourceTree = "<group>"; };
		46ABF7EF58375016E9E0939E /* ChangeImpactModels.swift */ = {isa = PBXFileReference; lastKnownFileType = sourcecode.swift; path = ChangeImpactModels.swift; sourceTree = "<group>"; };
		46F425CF5E74292FDBA58C90 /* ReleaseReadinessEngine.swift */ = {isa = PBXFileReference; lastKnownFileType = sourcecode.swift; path = ReleaseReadinessEngine.swift; sourceTree = "<group>"; };
		47E6795FFA7C4C7B1687D59D /* BuildConfigConsistencyTests.swift */ = {isa = PBXFileReference; lastKnownFileType = sourcecode.swift; path = BuildConfigConsistencyTests.swift; sourceTree = "<group>"; };
		4873AE6A2FD23DFD36A924A9 /* ActivityEvent.swift */ = {isa = PBXFileReference; lastKnownFileType = sourcecode.swift; path = ActivityEvent.swift; sourceTree = "<group>"; };
		4914D49183901282555B4ECA /* BackupPrivacyFilter.swift */ = {isa = PBXFileReference; lastKnownFileType = sourcecode.swift; path = BackupPrivacyFilter.swift; sourceTree = "<group>"; };
		4B086D3B23AF18A17561FA07 /* DiagnosticMigration.swift */ = {isa = PBXFileReference; lastKnownFileType = sourcecode.swift; path = DiagnosticMigration.swift; sourceTree = "<group>"; };
		4CC734585D4ADCF92F4771F2 /* BackupMigrationEngine.swift */ = {isa = PBXFileReference; lastKnownFileType = sourcecode.swift; path = BackupMigrationEngine.swift; sourceTree = "<group>"; };
		4FC9E4B94120417BEA440F34 /* RiskHintEngine.swift */ = {isa = PBXFileReference; lastKnownFileType = sourcecode.swift; path = RiskHintEngine.swift; sourceTree = "<group>"; };
		50B10E2A750C19F9D6465579 /* SharedSnapshotStoreTests.swift */ = {isa = PBXFileReference; lastKnownFileType = sourcecode.swift; path = SharedSnapshotStoreTests.swift; sourceTree = "<group>"; };
		5372E9A7A4D214017A6A3E05 /* RepositoryListView.swift */ = {isa = PBXFileReference; lastKnownFileType = sourcecode.swift; path = RepositoryListView.swift; sourceTree = "<group>"; };
		5466A47E7000C06E8F25116F /* AppGroupStore.swift */ = {isa = PBXFileReference; lastKnownFileType = sourcecode.swift; path = AppGroupStore.swift; sourceTree = "<group>"; };
		54D8572255E924DBC19ED594 /* SnapshotStoreRecoveryTests.swift */ = {isa = PBXFileReference; lastKnownFileType = sourcecode.swift; path = SnapshotStoreRecoveryTests.swift; sourceTree = "<group>"; };
		55E2FDD7871BDFDB2CC8B06B /* GitRepositoryScanner.swift */ = {isa = PBXFileReference; lastKnownFileType = sourcecode.swift; path = GitRepositoryScanner.swift; sourceTree = "<group>"; };
		576C6ADACA4040066B4CDA45 /* RepositoryHealthEngine.swift */ = {isa = PBXFileReference; lastKnownFileType = sourcecode.swift; path = RepositoryHealthEngine.swift; sourceTree = "<group>"; };
		5968F0A10D3972BB29D23411 /* ProcessRunner.swift */ = {isa = PBXFileReference; lastKnownFileType = sourcecode.swift; path = ProcessRunner.swift; sourceTree = "<group>"; };
		5FD66E90A974075BC0D66016 /* DataFreshnessStateTests.swift */ = {isa = PBXFileReference; lastKnownFileType = sourcecode.swift; path = DataFreshnessStateTests.swift; sourceTree = "<group>"; };
		614D5381B3D42F946B92DF57 /* ScanConfigSanitizationTests.swift */ = {isa = PBXFileReference; lastKnownFileType = sourcecode.swift; path = ScanConfigSanitizationTests.swift; sourceTree = "<group>"; };
		620FF1BB48B7D01C3F3053C3 /* RegressionGate.swift */ = {isa = PBXFileReference; lastKnownFileType = sourcecode.swift; path = RegressionGate.swift; sourceTree = "<group>"; };
		68DFF34995F91119178611A4 /* RefreshEngineIntegrationTests.swift */ = {isa = PBXFileReference; lastKnownFileType = sourcecode.swift; path = RefreshEngineIntegrationTests.swift; sourceTree = "<group>"; };
		6905C32690CB29628B456791 /* LaunchAtLoginControllerTests.swift */ = {isa = PBXFileReference; lastKnownFileType = sourcecode.swift; path = LaunchAtLoginControllerTests.swift; sourceTree = "<group>"; };
		698CC214DDF7CDBF9A96146C /* DailyDevelopmentSummary.swift */ = {isa = PBXFileReference; lastKnownFileType = sourcecode.swift; path = DailyDevelopmentSummary.swift; sourceTree = "<group>"; };
		6B83D6676ABCBF8EC2ECC312 /* CommitReadinessBadge.swift */ = {isa = PBXFileReference; lastKnownFileType = sourcecode.swift; path = CommitReadinessBadge.swift; sourceTree = "<group>"; };
		6B921ED1D9421AAA53BFE19C /* UnifiedLifecycleSystem.swift */ = {isa = PBXFileReference; lastKnownFileType = sourcecode.swift; path = UnifiedLifecycleSystem.swift; sourceTree = "<group>"; };
		6C0803CED3ED0B599315D845 /* Assets.xcassets */ = {isa = PBXFileReference; lastKnownFileType = folder.assetcatalog; path = Assets.xcassets; sourceTree = "<group>"; };
		6C995AB9E66A39D1A8C488CC /* StartupDiagnostics.swift */ = {isa = PBXFileReference; lastKnownFileType = sourcecode.swift; path = StartupDiagnostics.swift; sourceTree = "<group>"; };
		709DA972FD51562239AD301B /* ScanConcurrencyTests.swift */ = {isa = PBXFileReference; lastKnownFileType = sourcecode.swift; path = ScanConcurrencyTests.swift; sourceTree = "<group>"; };
		725EF302FE4452FE8B9A5DB8 /* BackupScheduler.swift */ = {isa = PBXFileReference; lastKnownFileType = sourcecode.swift; path = BackupScheduler.swift; sourceTree = "<group>"; };
		7ACF4094CFCB204630D4DE44 /* PendingItemDetailView.swift */ = {isa = PBXFileReference; lastKnownFileType = sourcecode.swift; path = PendingItemDetailView.swift; sourceTree = "<group>"; };
		7EDB4CA2F4D720E206F0E3CC /* WidgetLifecycleScenariosTests.swift */ = {isa = PBXFileReference; lastKnownFileType = sourcecode.swift; path = WidgetLifecycleScenariosTests.swift; sourceTree = "<group>"; };
		7FC5D812A4D8125789A19341 /* AnalysisPipeline.swift */ = {isa = PBXFileReference; lastKnownFileType = sourcecode.swift; path = AnalysisPipeline.swift; sourceTree = "<group>"; };
		83FF411CD8430FFFD25CDECE /* DevPulse.entitlements */ = {isa = PBXFileReference; lastKnownFileType = text.plist.entitlements; path = DevPulse.entitlements; sourceTree = "<group>"; };
		845B9939E8EF6ECDB9166F58 /* RepositorySorter.swift */ = {isa = PBXFileReference; lastKnownFileType = sourcecode.swift; path = RepositorySorter.swift; sourceTree = "<group>"; };
		87709175ED6152D48D9E8621 /* FaultInjector.swift */ = {isa = PBXFileReference; lastKnownFileType = sourcecode.swift; path = FaultInjector.swift; sourceTree = "<group>"; };
		89C000CF8021939D0E19015F /* ChangeImpactEngine.swift */ = {isa = PBXFileReference; lastKnownFileType = sourcecode.swift; path = ChangeImpactEngine.swift; sourceTree = "<group>"; };
		8B059AE4B78CE7B544858698 /* WorkspaceAggregationEngine.swift */ = {isa = PBXFileReference; lastKnownFileType = sourcecode.swift; path = WorkspaceAggregationEngine.swift; sourceTree = "<group>"; };
		8BDBBAA1899120A5A68273B7 /* PendingItemNotificationStore.swift */ = {isa = PBXFileReference; lastKnownFileType = sourcecode.swift; path = PendingItemNotificationStore.swift; sourceTree = "<group>"; };
		8DE4B7BA5FC4D5078129AEE9 /* LaunchAtLoginController.swift */ = {isa = PBXFileReference; lastKnownFileType = sourcecode.swift; path = LaunchAtLoginController.swift; sourceTree = "<group>"; };
		8E2E62BE36B9025D19A890EF /* PersistenceRecoveryTests.swift */ = {isa = PBXFileReference; lastKnownFileType = sourcecode.swift; path = PersistenceRecoveryTests.swift; sourceTree = "<group>"; };
		90B89322FFA8C1A38DBAA36A /* DevPulseApp.swift */ = {isa = PBXFileReference; lastKnownFileType = sourcecode.swift; path = DevPulseApp.swift; sourceTree = "<group>"; };
		94E9BC0F79AE40FCA5B9554E /* Models.swift */ = {isa = PBXFileReference; lastKnownFileType = sourcecode.swift; path = Models.swift; sourceTree = "<group>"; };
		953DF8B9FEC7C3AB05885E5F /* IOKit.framework */ = {isa = PBXFileReference; lastKnownFileType = wrapper.framework; name = IOKit.framework; path = System/Library/Frameworks/IOKit.framework; sourceTree = SDKROOT; };
		963BEF7BCDBA97703E7EE399 /* PendingItemStore.swift */ = {isa = PBXFileReference; lastKnownFileType = sourcecode.swift; path = PendingItemStore.swift; sourceTree = "<group>"; };
		9833E1AABFC26AF5C65068AE /* DevPulseWidgetExtension.appex */ = {isa = PBXFileReference; explicitFileType = "wrapper.app-extension"; includeInIndex = 0; path = DevPulseWidgetExtension.appex; sourceTree = BUILT_PRODUCTS_DIR; };
		983C7DEA1C0CA551532CEFE4 /* BackupRetentionPolicy.swift */ = {isa = PBXFileReference; lastKnownFileType = sourcecode.swift; path = BackupRetentionPolicy.swift; sourceTree = "<group>"; };
		9978D8D85B12D5F3534EDE0B /* RepositoryHealthOverview.swift */ = {isa = PBXFileReference; lastKnownFileType = sourcecode.swift; path = RepositoryHealthOverview.swift; sourceTree = "<group>"; };
		9B236311B70A78FD0218D9C1 /* WorkspaceModel.swift */ = {isa = PBXFileReference; lastKnownFileType = sourcecode.swift; path = WorkspaceModel.swift; sourceTree = "<group>"; };
		9E4809E57ABD4EFB974DF945 /* ReliabilityLabTests.swift */ = {isa = PBXFileReference; lastKnownFileType = sourcecode.swift; path = ReliabilityLabTests.swift; sourceTree = "<group>"; };
		A3100E35EE27437595749827 /* WorkspaceAutoSuggestEngine.swift */ = {isa = PBXFileReference; lastKnownFileType = sourcecode.swift; path = WorkspaceAutoSuggestEngine.swift; sourceTree = "<group>"; };
		A3E3AAB1F6A9DB3247FDE9BB /* ImpactPropagationEngine.swift */ = {isa = PBXFileReference; lastKnownFileType = sourcecode.swift; path = ImpactPropagationEngine.swift; sourceTree = "<group>"; };
		A3E6EF5E7EDCA17FE9EE9CD0 /* AnalysisCache.swift */ = {isa = PBXFileReference; lastKnownFileType = sourcecode.swift; path = AnalysisCache.swift; sourceTree = "<group>"; };
		A5D455DE534BFFF61045A382 /* PendingItem.swift */ = {isa = PBXFileReference; lastKnownFileType = sourcecode.swift; path = PendingItem.swift; sourceTree = "<group>"; };
		A744371F18D02CDEFFD89C4A /* BackupMergeResolver.swift */ = {isa = PBXFileReference; lastKnownFileType = sourcecode.swift; path = BackupMergeResolver.swift; sourceTree = "<group>"; };
		A98FC43933C8DF73FD989C7F /* DailyDevelopmentSummaryTests.swift */ = {isa = PBXFileReference; lastKnownFileType = sourcecode.swift; path = DailyDevelopmentSummaryTests.swift; sourceTree = "<group>"; };
		AB1A1522AC03BFB505888F70 /* RepositoryDetailView.swift */ = {isa = PBXFileReference; lastKnownFileType = sourcecode.swift; path = RepositoryDetailView.swift; sourceTree = "<group>"; };
		AC44F1EA75D3F120FE363517 /* RepositoryHistoryEntry.swift */ = {isa = PBXFileReference; lastKnownFileType = sourcecode.swift; path = RepositoryHistoryEntry.swift; sourceTree = "<group>"; };
		B18FA95A8F6D4D2BFDF989B9 /* RepositoryHealthOverviewView.swift */ = {isa = PBXFileReference; lastKnownFileType = sourcecode.swift; path = RepositoryHealthOverviewView.swift; sourceTree = "<group>"; };
		B33FBC37F193D2A7308A29DA /* WorkspaceDetailView.swift */ = {isa = PBXFileReference; lastKnownFileType = sourcecode.swift; path = WorkspaceDetailView.swift; sourceTree = "<group>"; };
		B436DC4953A030C9544D7696 /* WorkspaceMigration.swift */ = {isa = PBXFileReference; lastKnownFileType = sourcecode.swift; path = WorkspaceMigration.swift; sourceTree = "<group>"; };
		B88B7487E5A9ED22788931D2 /* AnalysisCacheTests.swift */ = {isa = PBXFileReference; lastKnownFileType = sourcecode.swift; path = AnalysisCacheTests.swift; sourceTree = "<group>"; };
		B9D822E7BADE485482BA9039 /* RepositoryHealthView.swift */ = {isa = PBXFileReference; lastKnownFileType = sourcecode.swift; path = RepositoryHealthView.swift; sourceTree = "<group>"; };
		BA5EEFEFD2B8A1D86CD5A217 /* RestoreManager.swift */ = {isa = PBXFileReference; lastKnownFileType = sourcecode.swift; path = RestoreManager.swift; sourceTree = "<group>"; };
		BADDD7619E8E0E8039AA7191 /* ScanLocationProvider.swift */ = {isa = PBXFileReference; lastKnownFileType = sourcecode.swift; path = ScanLocationProvider.swift; sourceTree = "<group>"; };
		C077E9C7FFD317DB32684A75 /* ActivityTimelineView.swift */ = {isa = PBXFileReference; lastKnownFileType = sourcecode.swift; path = ActivityTimelineView.swift; sourceTree = "<group>"; };
		C19C2135BD6C44B045597172 /* WidgetKit.framework */ = {isa = PBXFileReference; lastKnownFileType = wrapper.framework; name = WidgetKit.framework; path = System/Library/Frameworks/WidgetKit.framework; sourceTree = SDKROOT; };
		C1B51B353F839215FF7EF349 /* DiagnosticDashboardView.swift */ = {isa = PBXFileReference; lastKnownFileType = sourcecode.swift; path = DiagnosticDashboardView.swift; sourceTree = "<group>"; };
		C1DBE97E14F6BDC4379360B3 /* ScanScheduler.swift */ = {isa = PBXFileReference; lastKnownFileType = sourcecode.swift; path = ScanScheduler.swift; sourceTree = "<group>"; };
		C2049C828683B9C57F42AD81 /* RepositoryHealthOverviewTests.swift */ = {isa = PBXFileReference; lastKnownFileType = sourcecode.swift; path = RepositoryHealthOverviewTests.swift; sourceTree = "<group>"; };
		C40B139841EB7109D333563B /* ScanDataConsistencyTests.swift */ = {isa = PBXFileReference; lastKnownFileType = sourcecode.swift; path = ScanDataConsistencyTests.swift; sourceTree = "<group>"; };
		C68ECD7EE9E71D2B88107676 /* RefreshObservation.swift */ = {isa = PBXFileReference; lastKnownFileType = sourcecode.swift; path = RefreshObservation.swift; sourceTree = "<group>"; };
		C774F4606B416DF91A009674 /* ChangeImpactDataModelTests.swift */ = {isa = PBXFileReference; lastKnownFileType = sourcecode.swift; path = ChangeImpactDataModelTests.swift; sourceTree = "<group>"; };
		CAB879833D061CF68A12B3FD /* FileCategoryClassifierTests.swift */ = {isa = PBXFileReference; lastKnownFileType = sourcecode.swift; path = FileCategoryClassifierTests.swift; sourceTree = "<group>"; };
		CAFA02D405156E1CECC24384 /* LifecycleSleepWakeTests.swift */ = {isa = PBXFileReference; lastKnownFileType = sourcecode.swift; path = LifecycleSleepWakeTests.swift; sourceTree = "<group>"; };
		CB0F2C6F2B159059DE87F41D /* BackupManager.swift */ = {isa = PBXFileReference; lastKnownFileType = sourcecode.swift; path = BackupManager.swift; sourceTree = "<group>"; };
		CC5BDD5A5BB8B8572ABF035A /* ImpactOverviewView.swift */ = {isa = PBXFileReference; lastKnownFileType = sourcecode.swift; path = ImpactOverviewView.swift; sourceTree = "<group>"; };
		CF683314F14D97DC1AB36120 /* ScenarioGenerator.swift */ = {isa = PBXFileReference; lastKnownFileType = sourcecode.swift; path = ScenarioGenerator.swift; sourceTree = "<group>"; };
		D142EDD66FD491D63230418F /* ReleaseReadinessEngineTests.swift */ = {isa = PBXFileReference; lastKnownFileType = sourcecode.swift; path = ReleaseReadinessEngineTests.swift; sourceTree = "<group>"; };
		D76819B413383311C227DE72 /* TodayDevelopmentSummaryView.swift */ = {isa = PBXFileReference; lastKnownFileType = sourcecode.swift; path = TodayDevelopmentSummaryView.swift; sourceTree = "<group>"; };
		D8015118F910E22CA99AAF4B /* ImpactPropagationEngineTests.swift */ = {isa = PBXFileReference; lastKnownFileType = sourcecode.swift; path = ImpactPropagationEngineTests.swift; sourceTree = "<group>"; };
		D841CCB9CB4CD3921CB11160 /* GitStatusParser.swift */ = {isa = PBXFileReference; lastKnownFileType = sourcecode.swift; path = GitStatusParser.swift; sourceTree = "<group>"; };
		DC0D8FCCB223755048CB3FDE /* LifecycleIntegrationTests.swift */ = {isa = PBXFileReference; lastKnownFileType = sourcecode.swift; path = LifecycleIntegrationTests.swift; sourceTree = "<group>"; };
		DE71889ED2102542B5177B76 /* RepositoryHistoryStore.swift */ = {isa = PBXFileReference; lastKnownFileType = sourcecode.swift; path = RepositoryHistoryStore.swift; sourceTree = "<group>"; };
		DFE617E9CBD6118C3B6BF10B /* WorkspaceListView.swift */ = {isa = PBXFileReference; lastKnownFileType = sourcecode.swift; path = WorkspaceListView.swift; sourceTree = "<group>"; };
		E13C2425946524467A7DE5BD /* ChangeImpactStore.swift */ = {isa = PBXFileReference; lastKnownFileType = sourcecode.swift; path = ChangeImpactStore.swift; sourceTree = "<group>"; };
		E4467729AA87F474F61D66A5 /* ScanPerformanceTests.swift */ = {isa = PBXFileReference; lastKnownFileType = sourcecode.swift; path = ScanPerformanceTests.swift; sourceTree = "<group>"; };
		E45B918EB56DB99D7C2EA8B4 /* BackupManagementView.swift */ = {isa = PBXFileReference; lastKnownFileType = sourcecode.swift; path = BackupManagementView.swift; sourceTree = "<group>"; };
		E71B108728D45F02D3FFBAD2 /* SharedSnapshotStore.swift */ = {isa = PBXFileReference; lastKnownFileType = sourcecode.swift; path = SharedSnapshotStore.swift; sourceTree = "<group>"; };
		E957E32E853AD5A933841228 /* BenchmarkSuite.swift */ = {isa = PBXFileReference; lastKnownFileType = sourcecode.swift; path = BenchmarkSuite.swift; sourceTree = "<group>"; };
		EB0FD4B6B9AECCE2EC3AD452 /* BackupEngineTests.swift */ = {isa = PBXFileReference; lastKnownFileType = sourcecode.swift; path = BackupEngineTests.swift; sourceTree = "<group>"; };
		F0D43D894A359160BF2D1BED /* Info.plist */ = {isa = PBXFileReference; lastKnownFileType = text.plist; path = Info.plist; sourceTree = "<group>"; };
		F3F95204D859C68CE09B946F /* PerformanceBaseline.swift */ = {isa = PBXFileReference; lastKnownFileType = sourcecode.swift; path = PerformanceBaseline.swift; sourceTree = "<group>"; };
		F57AB6845B384BF0D02696FE /* CommitReadinessEngine.swift */ = {isa = PBXFileReference; lastKnownFileType = sourcecode.swift; path = CommitReadinessEngine.swift; sourceTree = "<group>"; };
		F8E4EE483D4ED7F6527C3076 /* DevPulse.app */ = {isa = PBXFileReference; explicitFileType = wrapper.application; includeInIndex = 0; path = DevPulse.app; sourceTree = BUILT_PRODUCTS_DIR; };
		FD86A623CAC3519AC0C30562 /* GitCommitLogParser.swift */ = {isa = PBXFileReference; lastKnownFileType = sourcecode.swift; path = GitCommitLogParser.swift; sourceTree = "<group>"; };
/* End PBXFileReference section */

/* Begin PBXFrameworksBuildPhase section */
		0BDC3F1DB6B226E087A2A3CC /* Frameworks */ = {
			isa = PBXFrameworksBuildPhase;
			buildActionMask = 2147483647;
			files = (
				882B35E5E408E49E1DED581F /* WidgetKit.framework in Frameworks */,
				610B667B3E8DF6AB13885FD6 /* SwiftUI.framework in Frameworks */,
			);
			runOnlyForDeploymentPostprocessing = 0;
		};
		651953AEA1CED6C387BCF9AC /* Frameworks */ = {
			isa = PBXFrameworksBuildPhase;
			buildActionMask = 2147483647;
			files = (
				8BC12867F1C7280F6790E3DD /* IOKit.framework in Frameworks */,
			);
			runOnlyForDeploymentPostprocessing = 0;
		};
/* End PBXFrameworksBuildPhase section */

/* Begin PBXGroup section */
		0D934DDA4B6EF286EB932681 /* Backup */ = {
			isa = PBXGroup;
			children = (
				CB0F2C6F2B159059DE87F41D /* BackupManager.swift */,
				A744371F18D02CDEFFD89C4A /* BackupMergeResolver.swift */,
				4CC734585D4ADCF92F4771F2 /* BackupMigrationEngine.swift */,
				36C3ECFCBC2919B8464FF3CF /* BackupModels.swift */,
				4914D49183901282555B4ECA /* BackupPrivacyFilter.swift */,
				983C7DEA1C0CA551532CEFE4 /* BackupRetentionPolicy.swift */,
				725EF302FE4452FE8B9A5DB8 /* BackupScheduler.swift */,
				BA5EEFEFD2B8A1D86CD5A217 /* RestoreManager.swift */,
			);
			path = Backup;
			sourceTree = "<group>";
		};
		2E42C9816F65C3E37C657962 /* Frameworks */ = {
			isa = PBXGroup;
			children = (
				953DF8B9FEC7C3AB05885E5F /* IOKit.framework */,
				08F7D554DD3218B1B6EAE487 /* SwiftUI.framework */,
				C19C2135BD6C44B045597172 /* WidgetKit.framework */,
			);
			name = Frameworks;
			sourceTree = "<group>";
		};
		4BFAB72B9A79D8188C3DDD24 = {
			isa = PBXGroup;
			children = (
				6C0803CED3ED0B599315D845 /* Assets.xcassets */,
				A1DC7E4A2B5E2B05FFC43074 /* App */,
				57FAA97E631B1080A8CDCBE9 /* Core */,
				BBD631ABEF81B044033E31DF /* DevPulseNativeTests */,
				DAF2C3B8F177F65A27F53B40 /* Utilities */,
				9B0A36E4CA13EFA368C50490 /* Widget */,
				2E42C9816F65C3E37C657962 /* Frameworks */,
				4CD929F614E2E0944FBD94CE /* Products */,
			);
			sourceTree = "<group>";
		};
		4CD929F614E2E0944FBD94CE /* Products */ = {
			isa = PBXGroup;
			children = (
				F8E4EE483D4ED7F6527C3076 /* DevPulse.app */,
				03EF463934B29F3AABA08BFA /* DevPulseTests.xctest */,
				9833E1AABFC26AF5C65068AE /* DevPulseWidgetExtension.appex */,
			);
			name = Products;
			sourceTree = "<group>";
		};
		57FAA97E631B1080A8CDCBE9 /* Core */ = {
			isa = PBXGroup;
			children = (
				4873AE6A2FD23DFD36A924A9 /* ActivityEvent.swift */,
				A3E6EF5E7EDCA17FE9EE9CD0 /* AnalysisCache.swift */,
				7FC5D812A4D8125789A19341 /* AnalysisPipeline.swift */,
				5466A47E7000C06E8F25116F /* AppGroupStore.swift */,
				142D984DADF313521B7D7C68 /* BaselineManager.swift */,
				E957E32E853AD5A933841228 /* BenchmarkSuite.swift */,
				1BBDC6D1EB593E4452622EF9 /* ChangeImpactDiagnostics.swift */,
				89C000CF8021939D0E19015F /* ChangeImpactEngine.swift */,
				46ABF7EF58375016E9E0939E /* ChangeImpactModels.swift */,
				E13C2425946524467A7DE5BD /* ChangeImpactStore.swift */,
				6B83D6676ABCBF8EC2ECC312 /* CommitReadinessBadge.swift */,
				F57AB6845B384BF0D02696FE /* CommitReadinessEngine.swift */,
				698CC214DDF7CDBF9A96146C /* DailyDevelopmentSummary.swift */,
				097812C7417A0B2A649EAA68 /* DependencyInferenceEngine.swift */,
				4B086D3B23AF18A17561FA07 /* DiagnosticMigration.swift */,
				3FE5420253894ED36B74D9DF /* DiagnosticReport.swift */,
				3F2466DCDD8419ADCB6CFFE4 /* ExcludedDirectoryRules.swift */,
				87709175ED6152D48D9E8621 /* FaultInjector.swift */,
				0FC3F7A1C981438F997EE56F /* FileCategoryClassifier.swift */,
				FD86A623CAC3519AC0C30562 /* GitCommitLogParser.swift */,
				55E2FDD7871BDFDB2CC8B06B /* GitRepositoryScanner.swift */,
				D841CCB9CB4CD3921CB11160 /* GitStatusParser.swift */,
				A3E3AAB1F6A9DB3247FDE9BB /* ImpactPropagationEngine.swift */,
				8DE4B7BA5FC4D5078129AEE9 /* LaunchAtLoginController.swift */,
				94E9BC0F79AE40FCA5B9554E /* Models.swift */,
				A5D455DE534BFFF61045A382 /* PendingItem.swift */,
				46A07EDB2AD5CCB309A2E38A /* PendingItemEvaluator.swift */,
				8BDBBAA1899120A5A68273B7 /* PendingItemNotificationStore.swift */,
				963BEF7BCDBA97703E7EE399 /* PendingItemStore.swift */,
				F3F95204D859C68CE09B946F /* PerformanceBaseline.swift */,
				0BEDD4A99733ED27DD72C9D1 /* RefreshEngine.swift */,
				C68ECD7EE9E71D2B88107676 /* RefreshObservation.swift */,
				15A75745DAEA35073E08C583 /* RefreshStage.swift */,
				620FF1BB48B7D01C3F3053C3 /* RegressionGate.swift */,
				46F425CF5E74292FDBA58C90 /* ReleaseReadinessEngine.swift */,
				576C6ADACA4040066B4CDA45 /* RepositoryHealthEngine.swift */,
				9978D8D85B12D5F3534EDE0B /* RepositoryHealthOverview.swift */,
				AC44F1EA75D3F120FE363517 /* RepositoryHistoryEntry.swift */,
				DE71889ED2102542B5177B76 /* RepositoryHistoryStore.swift */,
				845B9939E8EF6ECDB9166F58 /* RepositorySorter.swift */,
				4FC9E4B94120417BEA440F34 /* RiskHintEngine.swift */,
				BADDD7619E8E0E8039AA7191 /* ScanLocationProvider.swift */,
				C1DBE97E14F6BDC4379360B3 /* ScanScheduler.swift */,
				CF683314F14D97DC1AB36120 /* ScenarioGenerator.swift */,
				E71B108728D45F02D3FFBAD2 /* SharedSnapshotStore.swift */,
				6C995AB9E66A39D1A8C488CC /* StartupDiagnostics.swift */,
				6B921ED1D9421AAA53BFE19C /* UnifiedLifecycleSystem.swift */,
				8B059AE4B78CE7B544858698 /* WorkspaceAggregationEngine.swift */,
				A3100E35EE27437595749827 /* WorkspaceAutoSuggestEngine.swift */,
				B436DC4953A030C9544D7696 /* WorkspaceMigration.swift */,
				9B236311B70A78FD0218D9C1 /* WorkspaceModel.swift */,
				0D934DDA4B6EF286EB932681 /* Backup */,
			);
			path = Core;
			sourceTree = "<group>";
		};
		9B0A36E4CA13EFA368C50490 /* Widget */ = {
			isa = PBXGroup;
			children = (
				193D9DD3EE1AFEEAD2F6BD9B /* DevPulseWidget.swift */,
			);
			path = Widget;
			sourceTree = "<group>";
		};
		A1DC7E4A2B5E2B05FFC43074 /* App */ = {
			isa = PBXGroup;
			children = (
				C077E9C7FFD317DB32684A75 /* ActivityTimelineView.swift */,
				E45B918EB56DB99D7C2EA8B4 /* BackupManagementView.swift */,
				0A2CBE8389817E81B7EA977B /* ContentView.swift */,
				83FF411CD8430FFFD25CDECE /* DevPulse.entitlements */,
				90B89322FFA8C1A38DBAA36A /* DevPulseApp.swift */,
				C1B51B353F839215FF7EF349 /* DiagnosticDashboardView.swift */,
				CC5BDD5A5BB8B8572ABF035A /* ImpactOverviewView.swift */,
				F0D43D894A359160BF2D1BED /* Info.plist */,
				157D645D890A1DF198D9F35F /* PendingCenterView.swift */,
				7ACF4094CFCB204630D4DE44 /* PendingItemDetailView.swift */,
				AB1A1522AC03BFB505888F70 /* RepositoryDetailView.swift */,
				B18FA95A8F6D4D2BFDF989B9 /* RepositoryHealthOverviewView.swift */,
				B9D822E7BADE485482BA9039 /* RepositoryHealthView.swift */,
				5372E9A7A4D214017A6A3E05 /* RepositoryListView.swift */,
				317BDD24648E8023D33489F0 /* ScanStatusView.swift */,
				430D01D16B454ECCF1FD87B6 /* SettingsView.swift */,
				D76819B413383311C227DE72 /* TodayDevelopmentSummaryView.swift */,
				B33FBC37F193D2A7308A29DA /* WorkspaceDetailView.swift */,
				DFE617E9CBD6118C3B6BF10B /* WorkspaceListView.swift */,
			);
			path = App;
			sourceTree = "<group>";
		};
		BBD631ABEF81B044033E31DF /* DevPulseNativeTests */ = {
			isa = PBXGroup;
			children = (
				38019D067F07A18D0C8B1228 /* ActivityEventTests.swift */,
				B88B7487E5A9ED22788931D2 /* AnalysisCacheTests.swift */,
				EB0FD4B6B9AECCE2EC3AD452 /* BackupEngineTests.swift */,
				47E6795FFA7C4C7B1687D59D /* BuildConfigConsistencyTests.swift */,
				C774F4606B416DF91A009674 /* ChangeImpactDataModelTests.swift */,
				048FC2CF2173C1D892EC77ED /* CommitReadinessEngineTests.swift */,
				063E338F89DD7847F4B6F450 /* CrossProcessConcurrencyTests.swift */,
				2BB1A121BDF872845E028B42 /* CrossProcessPipelineTests.swift */,
				A98FC43933C8DF73FD989C7F /* DailyDevelopmentSummaryTests.swift */,
				5FD66E90A974075BC0D66016 /* DataFreshnessStateTests.swift */,
				CAB879833D061CF68A12B3FD /* FileCategoryClassifierTests.swift */,
				D8015118F910E22CA99AAF4B /* ImpactPropagationEngineTests.swift */,
				6905C32690CB29628B456791 /* LaunchAtLoginControllerTests.swift */,
				DC0D8FCCB223755048CB3FDE /* LifecycleIntegrationTests.swift */,
				3D3577373C30BF53B950708A /* LifecyclePerformanceTests.swift */,
				CAFA02D405156E1CECC24384 /* LifecycleSleepWakeTests.swift */,
				0B0BD16B9CE4979036A34F54 /* LifecycleSystemTests.swift */,
				21D63010837B5DCD19C93345 /* PendingItemStaleLifecycleTests.swift */,
				8E2E62BE36B9025D19A890EF /* PersistenceRecoveryTests.swift */,
				093DD315E92DC439C660CE15 /* RefreshCompletionTests.swift */,
				68DFF34995F91119178611A4 /* RefreshEngineIntegrationTests.swift */,
				D142EDD66FD491D63230418F /* ReleaseReadinessEngineTests.swift */,
				9E4809E57ABD4EFB974DF945 /* ReliabilityLabTests.swift */,
				3A7198B4458E229162B7A3CB /* RepositoryActivityConsistencyTests.swift */,
				087151EDA65E84F82D33C331 /* RepositoryDiscoveryExperienceTests.swift */,
				C2049C828683B9C57F42AD81 /* RepositoryHealthOverviewTests.swift */,
				45278127A8EBAC98011C4F5B /* RepositoryHistoryStoreTests.swift */,
				709DA972FD51562239AD301B /* ScanConcurrencyTests.swift */,
				614D5381B3D42F946B92DF57 /* ScanConfigSanitizationTests.swift */,
				C40B139841EB7109D333563B /* ScanDataConsistencyTests.swift */,
				3AF0DF659E3021279B8E1484 /* ScannerTimeoutErrorTests.swift */,
				E4467729AA87F474F61D66A5 /* ScanPerformanceTests.swift */,
				50B10E2A750C19F9D6465579 /* SharedSnapshotStoreTests.swift */,
				54D8572255E924DBC19ED594 /* SnapshotStoreRecoveryTests.swift */,
				19316167B120605CCA6A26EA /* WidgetDegradedRenderingTests.swift */,
				7EDB4CA2F4D720E206F0E3CC /* WidgetLifecycleScenariosTests.swift */,
				0774FF694E6FAEDDA9D1FDCF /* WorkspaceModelTests.swift */,
			);
			path = DevPulseNativeTests;
			sourceTree = "<group>";
		};
		DAF2C3B8F177F65A27F53B40 /* Utilities */ = {
			isa = PBXGroup;
			children = (
				1C7D3FB592624A4168700A13 /* DateFormatting.swift */,
				5968F0A10D3972BB29D23411 /* ProcessRunner.swift */,
			);
			path = Utilities;
			sourceTree = "<group>";
		};
/* End PBXGroup section */

/* Begin PBXNativeTarget section */
		0855EFDEA637695914D3F1BE /* DevPulseTests */ = {
			isa = PBXNativeTarget;
			buildConfigurationList = EDBAC3C62E298E813A98A8AB /* Build configuration list for PBXNativeTarget "DevPulseTests" */;
			buildPhases = (
				19890AA342BA6101A8A4FAF6 /* Sources */,
				0BDC3F1DB6B226E087A2A3CC /* Frameworks */,
			);
			buildRules = (
			);
			dependencies = (
				7726D8FC02466CE99A80BFD5 /* PBXTargetDependency */,
			);
			name = DevPulseTests;
			packageProductDependencies = (
			);
			productName = DevPulseTests;
			productReference = 03EF463934B29F3AABA08BFA /* DevPulseTests.xctest */;
			productType = "com.apple.product-type.bundle.unit-test";
		};
		3F4D5EBC403852F2B41C01F8 /* DevPulse */ = {
			isa = PBXNativeTarget;
			buildConfigurationList = D934B139AF555D82177EADFA /* Build configuration list for PBXNativeTarget "DevPulse" */;
			buildPhases = (
				8FB508113382A83F739C17DD /* SwiftLint (optional) */,
				4486684B11364351AA809673 /* Sources */,
				5E9F0A4790B3AEA4184362A8 /* Resources */,
				651953AEA1CED6C387BCF9AC /* Frameworks */,
				A352C8A50E8EDC84276D1D01 /* Embed Foundation Extensions */,
			);
			buildRules = (
			);
			dependencies = (
				7D03557903F3115203D9F179 /* PBXTargetDependency */,
			);
			name = DevPulse;
			packageProductDependencies = (
			);
			productName = DevPulse;
			productReference = F8E4EE483D4ED7F6527C3076 /* DevPulse.app */;
			productType = "com.apple.product-type.application";
		};
		E5041EA581BD0B987059594E /* DevPulseWidgetExtension */ = {
			isa = PBXNativeTarget;
			buildConfigurationList = FB486F3D5E30C459BC787D14 /* Build configuration list for PBXNativeTarget "DevPulseWidgetExtension" */;
			buildPhases = (
				1D065A93808021E551D4222D /* Sources */,
			);
			buildRules = (
			);
			dependencies = (
			);
			name = DevPulseWidgetExtension;
			packageProductDependencies = (
			);
			productName = DevPulseWidgetExtension;
			productReference = 9833E1AABFC26AF5C65068AE /* DevPulseWidgetExtension.appex */;
			productType = "com.apple.product-type.app-extension";
		};
/* End PBXNativeTarget section */

/* Begin PBXProject section */
		1183CFAD533E449E5E0F43B7 /* Project object */ = {
			isa = PBXProject;
			attributes = {
				BuildIndependentTargetsInParallel = YES;
				LastUpgradeCheck = 1600;
				TargetAttributes = {
					3F4D5EBC403852F2B41C01F8 = {
						ProvisioningStyle = Automatic;
					};
					E5041EA581BD0B987059594E = {
						ProvisioningStyle = Automatic;
					};
				};
			};
			buildConfigurationList = C062BE64E4CA11B0751B52A1 /* Build configuration list for PBXProject "DevPulseNative" */;
			developmentRegion = en;
			hasScannedForEncodings = 0;
			knownRegions = (
				Base,
				en,
			);
			mainGroup = 4BFAB72B9A79D8188C3DDD24;
			minimizedProjectReferenceProxies = 1;
			preferredProjectObjectVersion = 77;
			productRefGroup = 4CD929F614E2E0944FBD94CE /* Products */;
			projectDirPath = "";
			projectRoot = "";
			targets = (
				3F4D5EBC403852F2B41C01F8 /* DevPulse */,
				E5041EA581BD0B987059594E /* DevPulseWidgetExtension */,
				0855EFDEA637695914D3F1BE /* DevPulseTests */,
			);
		};
/* End PBXProject section */

/* Begin PBXResourcesBuildPhase section */
		5E9F0A4790B3AEA4184362A8 /* Resources */ = {
			isa = PBXResourcesBuildPhase;
			buildActionMask = 2147483647;
			files = (
				E9D54589ABB2B3D1F51E2AD8 /* Assets.xcassets in Resources */,
			);
			runOnlyForDeploymentPostprocessing = 0;
		};
/* End PBXResourcesBuildPhase section */

/* Begin PBXShellScriptBuildPhase section */
		8FB508113382A83F739C17DD /* SwiftLint (optional) */ = {
			isa = PBXShellScriptBuildPhase;
			alwaysOutOfDate = 1;
			buildActionMask = 2147483647;
			files = (
			);
			inputFileListPaths = (
			);
			inputPaths = (
			);
			name = "SwiftLint (optional)";
			outputFileListPaths = (
			);
			outputPaths = (
			);
			runOnlyForDeploymentPostprocessing = 0;
			shellPath = /bin/sh;
			shellScript = "if which swiftlint >/dev/null; then\n  swiftlint --quiet || true\nfi\n";
		};
/* End PBXShellScriptBuildPhase section */

/* Begin PBXSourcesBuildPhase section */
		19890AA342BA6101A8A4FAF6 /* Sources */ = {
			isa = PBXSourcesBuildPhase;
			buildActionMask = 2147483647;
			files = (
				A5B8E1DC8D705D7E0C473A31 /* ActivityEventTests.swift in Sources */,
				B17B9EC9738455A164087283 /* AnalysisCacheTests.swift in Sources */,
				C2DDB0B60BB46C64FE29ABCB /* BackupEngineTests.swift in Sources */,
				FCE281428C518AFEB049B14D /* BuildConfigConsistencyTests.swift in Sources */,
				AE77DD4D184DF329AB2944FA /* ChangeImpactDataModelTests.swift in Sources */,
				AC5843D6975B89D2C8ECDB28 /* CommitReadinessEngineTests.swift in Sources */,
				450AE7616CDDE6EF3CD4E68F /* CrossProcessConcurrencyTests.swift in Sources */,
				6B483934B4FE0B83A25EF106 /* CrossProcessPipelineTests.swift in Sources */,
				D0FEF8C629D353E121F8924C /* DailyDevelopmentSummaryTests.swift in Sources */,
				E75AC50DC06518A792C0474D /* DataFreshnessStateTests.swift in Sources */,
				FD91F63465149AA13A9675BD /* DevPulseWidget.swift in Sources */,
				FB29D9E09ED33D3ACE700E55 /* FileCategoryClassifierTests.swift in Sources */,
				D6FFF17A0E20673152B93F1D /* ImpactPropagationEngineTests.swift in Sources */,
				820E27DB980988D1A11D34BA /* LaunchAtLoginControllerTests.swift in Sources */,
				C45996D1F2C316A0C59224B5 /* LifecycleIntegrationTests.swift in Sources */,
				966B6CC915FD6C26E2C82AAE /* LifecyclePerformanceTests.swift in Sources */,
				83DD4680257CC5249EE46614 /* LifecycleSleepWakeTests.swift in Sources */,
				49D4D52BD2A61B5EF0B0325A /* LifecycleSystemTests.swift in Sources */,
				8E1BBFBFFC49E3796D312409 /* PendingItemStaleLifecycleTests.swift in Sources */,
				DE8B398982AFEA269E692197 /* PersistenceRecoveryTests.swift in Sources */,
				932923E75A90C6CC366E24A5 /* RefreshCompletionTests.swift in Sources */,
				E2915D93B1396010242694F9 /* RefreshEngineIntegrationTests.swift in Sources */,
				976B4C4BAE8788B9B5ABCE6C /* ReleaseReadinessEngineTests.swift in Sources */,
				8F0C51D9A94210AF534563C4 /* ReliabilityLabTests.swift in Sources */,
				69AC333B47B342FB581C2246 /* RepositoryActivityConsistencyTests.swift in Sources */,
				F3835F2463A794860CDCA8BF /* RepositoryDiscoveryExperienceTests.swift in Sources */,
				81E4A4513C1D06A1D5834C46 /* RepositoryHealthOverviewTests.swift in Sources */,
				DFB0DD9DC8FB03CA51462782 /* RepositoryHistoryStoreTests.swift in Sources */,
				56ED6F25F59FE9BD8417FE93 /* ScanConcurrencyTests.swift in Sources */,
				79689CEC5AB1653B7346E632 /* ScanConfigSanitizationTests.swift in Sources */,
				1373D31712209B62DDA34E06 /* ScanDataConsistencyTests.swift in Sources */,
				96987FEA9AB938EA20A639AA /* ScanPerformanceTests.swift in Sources */,
				8110F153D595C2B6F90A3786 /* ScannerTimeoutErrorTests.swift in Sources */,
				7E769276C743399A3F96EF79 /* SharedSnapshotStoreTests.swift in Sources */,
				2C57665B925F89340F25C709 /* SnapshotStoreRecoveryTests.swift in Sources */,
				A95B3265D9C1DBD9AC8D3CF2 /* WidgetDegradedRenderingTests.swift in Sources */,
				5E77B80429EF9F50030ED368 /* WidgetLifecycleScenariosTests.swift in Sources */,
				E1E887CD1A12DFFE10CD7F03 /* WorkspaceModelTests.swift in Sources */,
			);
			runOnlyForDeploymentPostprocessing = 0;
		};
		1D065A93808021E551D4222D /* Sources */ = {
			isa = PBXSourcesBuildPhase;
			buildActionMask = 2147483647;
			files = (
				7683880DEDE034FE18B40AD7 /* ActivityEvent.swift in Sources */,
				69527D37AA1EB5562B7D2F7F /* CommitReadinessBadge.swift in Sources */,
				9468C1CA3C3FD79232C0FA3F /* CommitReadinessEngine.swift in Sources */,
				852F71D129C30192A4890E27 /* DateFormatting.swift in Sources */,
				2077EB20A27BA897CC8349D6 /* DevPulseWidget.swift in Sources */,
				8062866E16AE1427B81B65B4 /* Models.swift in Sources */,
				729441BA73376C2E8FE802E0 /* PendingItem.swift in Sources */,
				9E00F89F4C14534E5665E091 /* SharedSnapshotStore.swift in Sources */,
			);
			runOnlyForDeploymentPostprocessing = 0;
		};
		4486684B11364351AA809673 /* Sources */ = {
			isa = PBXSourcesBuildPhase;
			buildActionMask = 2147483647;
			files = (
				860121B4C6F61838C22293F3 /* ActivityEvent.swift in Sources */,
				09CE04DE31562E7D37A0424C /* ActivityTimelineView.swift in Sources */,
				998D6C47DA344299BA8ECE32 /* AnalysisCache.swift in Sources */,
				681A9E20507C3403C409D971 /* AnalysisPipeline.swift in Sources */,
				9B19A55E5FC74558F4E6FB3E /* AppGroupStore.swift in Sources */,
				18B29095C97F5C3E4E1D5BBF /* BackupManagementView.swift in Sources */,
				2CB5F207A8FC55BCC994ADF0 /* BackupManager.swift in Sources */,
				4C2A004BDA006469F5312907 /* BackupMergeResolver.swift in Sources */,
				F1540C68B86136A13087E450 /* BackupMigrationEngine.swift in Sources */,
				6E1618A7338FE09458999CD0 /* BackupModels.swift in Sources */,
				A83F14E5BE89FDB93A5BA84D /* BackupPrivacyFilter.swift in Sources */,
				EFA3D44753134233740F79B9 /* BackupRetentionPolicy.swift in Sources */,
				25FA6A32C1FDE392E69EF8F6 /* BackupScheduler.swift in Sources */,
				61F6C2F1CA94D16A7A2352E8 /* BaselineManager.swift in Sources */,
				D70A273CAFDE077A47280C31 /* BenchmarkSuite.swift in Sources */,
				9F4ECE573F04F84D9E73B2A6 /* ChangeImpactDiagnostics.swift in Sources */,
				A85EADB123756799870A532E /* ChangeImpactEngine.swift in Sources */,
				A0FC0450DBFFDBE53F1E937C /* ChangeImpactModels.swift in Sources */,
				E3D861EE9140D79B083BB50B /* ChangeImpactStore.swift in Sources */,
				34042E4DE0DC21FD99275E03 /* CommitReadinessBadge.swift in Sources */,
				D5C29D5E66379FD6644FE3FC /* CommitReadinessEngine.swift in Sources */,
				5FFD80DCF59731AFD754DB3F /* ContentView.swift in Sources */,
				9D84F3F90B2CCE0AA127BA81 /* DailyDevelopmentSummary.swift in Sources */,
				E76DF359857A4DB4A65D11A7 /* DateFormatting.swift in Sources */,
				B3CFFFC70C5D198A78D32D0B /* DependencyInferenceEngine.swift in Sources */,
				5A48594A116CA9170601D985 /* DevPulseApp.swift in Sources */,
				A686043F4E10659AB4C8EC8D /* DiagnosticDashboardView.swift in Sources */,
				613AB686BE6B83560B39AE36 /* DiagnosticMigration.swift in Sources */,
				61E0D367C2C4D78F9E8A85BC /* DiagnosticReport.swift in Sources */,
				420C5FBC113F91067E5F1C44 /* ExcludedDirectoryRules.swift in Sources */,
				B1F28D3092AD90887CD609AE /* FaultInjector.swift in Sources */,
				9DCD2F1F6A28D3A9708D26FD /* FileCategoryClassifier.swift in Sources */,
				727379FE3DC69DFB2A8A52AE /* GitCommitLogParser.swift in Sources */,
				504F24F0653FC1E22EC464C3 /* GitRepositoryScanner.swift in Sources */,
				DA2969332816F52B2D75E1E7 /* GitStatusParser.swift in Sources */,
				483DF2795228CFA4CA884B9F /* ImpactOverviewView.swift in Sources */,
				CE4CE8E2E9E2299A0EA65298 /* ImpactPropagationEngine.swift in Sources */,
				CE1614797CB028768F0D21B6 /* LaunchAtLoginController.swift in Sources */,
				8446B0AFDA6993FB16979F38 /* Models.swift in Sources */,
				079749EF205ED5DC9FB68838 /* PendingCenterView.swift in Sources */,
				5417AF02E3ABA7271AFA264B /* PendingItem.swift in Sources */,
				AA323B092857C9BA63774466 /* PendingItemDetailView.swift in Sources */,
				D2D94BC43DAA71525D5C7DDD /* PendingItemEvaluator.swift in Sources */,
				9B01E92C9CF771D753C49343 /* PendingItemNotificationStore.swift in Sources */,
				C0D331A1143547659EE5A430 /* PendingItemStore.swift in Sources */,
				3562405B70B31CAFB621059B /* PerformanceBaseline.swift in Sources */,
				BD58A42F1E02104F2AE3E2BD /* ProcessRunner.swift in Sources */,
				E43BBCE0B0DBC3100908105A /* RefreshEngine.swift in Sources */,
				631930EBC857925A4B36B5FC /* RefreshObservation.swift in Sources */,
				B075232D93640FA43805EDD4 /* RefreshStage.swift in Sources */,
				8AB49F7CE43E4449EF5229E0 /* RegressionGate.swift in Sources */,
				3D1CAE70252A5362C145F8E7 /* ReleaseReadinessEngine.swift in Sources */,
				ED0EE7E8E5CFD29C82C4E530 /* RepositoryDetailView.swift in Sources */,
				9116AE02764371B4BCFF99D0 /* RepositoryHealthEngine.swift in Sources */,
				49C1EA0D02350244BB420271 /* RepositoryHealthOverview.swift in Sources */,
				B20DF522B9A6CD2A4977348D /* RepositoryHealthOverviewView.swift in Sources */,
				125EA2D6B739BD0F275581A8 /* RepositoryHealthView.swift in Sources */,
				013191456D46396EC3733AFE /* RepositoryHistoryEntry.swift in Sources */,
				0D82700CD6FE4AC0D0C619C9 /* RepositoryHistoryStore.swift in Sources */,
				E8D49150B8C2B720B4AE3490 /* RepositoryListView.swift in Sources */,
				6D9986B44A950508EB8F904E /* RepositorySorter.swift in Sources */,
				71F546DE4356E96F6F620919 /* RestoreManager.swift in Sources */,
				0503E9516BB373A6FD153E95 /* RiskHintEngine.swift in Sources */,
				D11F728D12D9F5CE98F72397 /* ScanLocationProvider.swift in Sources */,
				4756A22C34BBF4DB5FC50160 /* ScanScheduler.swift in Sources */,
				E7FC26D0368998B9F817F8A3 /* ScanStatusView.swift in Sources */,
				97ABDCE830C38A99EE364C2F /* ScenarioGenerator.swift in Sources */,
				20A336F3EFA672F008D452E4 /* SettingsView.swift in Sources */,
				3A53ECD0BEABA5A9FB370792 /* SharedSnapshotStore.swift in Sources */,
				C2FC7F15EA6C36092792324F /* StartupDiagnostics.swift in Sources */,
				FECE954C9C32B0BBBD8C69E9 /* TodayDevelopmentSummaryView.swift in Sources */,
				BE01D2FC2D4201596B0A602B /* UnifiedLifecycleSystem.swift in Sources */,
				833F0CD938C2F79B70A2C386 /* WorkspaceAggregationEngine.swift in Sources */,
				932E31C7DADDBAC455692186 /* WorkspaceAutoSuggestEngine.swift in Sources */,
				627EA0E77DAC5C5E1F23B463 /* WorkspaceDetailView.swift in Sources */,
				10EF2B32A9EEE6B18EA40BE4 /* WorkspaceListView.swift in Sources */,
				334B568670E29248D68DA6E3 /* WorkspaceMigration.swift in Sources */,
				57B59464013F3A998B50D363 /* WorkspaceModel.swift in Sources */,
			);
			runOnlyForDeploymentPostprocessing = 0;
		};
/* End PBXSourcesBuildPhase section */

/* Begin PBXTargetDependency section */
		7726D8FC02466CE99A80BFD5 /* PBXTargetDependency */ = {
			isa = PBXTargetDependency;
			target = 3F4D5EBC403852F2B41C01F8 /* DevPulse */;
			targetProxy = A9D5EB991A7ED8BD3098699D /* PBXContainerItemProxy */;
		};
		7D03557903F3115203D9F179 /* PBXTargetDependency */ = {
			isa = PBXTargetDependency;
			target = E5041EA581BD0B987059594E /* DevPulseWidgetExtension */;
			targetProxy = 8296BC3A35D7846C0999A54E /* PBXContainerItemProxy */;
		};
/* End PBXTargetDependency section */

/* Begin XCBuildConfiguration section */
		0DDBBD8D51C2124E76A53BFB /* Release */ = {
			isa = XCBuildConfiguration;
			buildSettings = {
				BUNDLE_LOADER = "$(TEST_HOST)";
				COMBINE_HIDPI_IMAGES = YES;
				GENERATE_INFOPLIST_FILE = YES;
				LD_RUNPATH_SEARCH_PATHS = (
					"$(inherited)",
					"@executable_path/../Frameworks",
					"@loader_path/../Frameworks",
				);
				PRODUCT_BUNDLE_IDENTIFIER = local.devpulse.DevPulseTests;
				SDKROOT = macosx;
				SWIFT_ACTIVE_COMPILATION_CONDITIONS = WIDGET_TEST;
				TEST_HOST = "$(BUILT_PRODUCTS_DIR)/DevPulse.app/Contents/MacOS/DevPulse";
			};
			name = Release;
		};
		343426621950804E25E4A155 /* Debug */ = {
			isa = XCBuildConfiguration;
			buildSettings = {
				BUNDLE_LOADER = "$(TEST_HOST)";
				COMBINE_HIDPI_IMAGES = YES;
				GENERATE_INFOPLIST_FILE = YES;
				LD_RUNPATH_SEARCH_PATHS = (
					"$(inherited)",
					"@executable_path/../Frameworks",
					"@loader_path/../Frameworks",
				);
				PRODUCT_BUNDLE_IDENTIFIER = local.devpulse.DevPulseTests;
				SDKROOT = macosx;
				SWIFT_ACTIVE_COMPILATION_CONDITIONS = "DEBUG WIDGET_TEST";
				TEST_HOST = "$(BUILT_PRODUCTS_DIR)/DevPulse.app/Contents/MacOS/DevPulse";
			};
			name = Debug;
		};
		8FBC02FED8A8FBDD6419159E /* Release */ = {
			isa = XCBuildConfiguration;
			buildSettings = {
				ALWAYS_SEARCH_USER_PATHS = NO;
				CLANG_ANALYZER_NONNULL = YES;
				CLANG_ANALYZER_NUMBER_OBJECT_CONVERSION = YES_AGGRESSIVE;
				CLANG_CXX_LANGUAGE_STANDARD = "gnu++14";
				CLANG_CXX_LIBRARY = "libc++";
				CLANG_ENABLE_MODULES = YES;
				CLANG_ENABLE_OBJC_ARC = YES;
				CLANG_ENABLE_OBJC_WEAK = YES;
				CLANG_WARN_BLOCK_CAPTURE_AUTORELEASING = YES;
				CLANG_WARN_BOOL_CONVERSION = YES;
				CLANG_WARN_COMMA = YES;
				CLANG_WARN_CONSTANT_CONVERSION = YES;
				CLANG_WARN_DEPRECATED_OBJC_IMPLEMENTATIONS = YES;
				CLANG_WARN_DIRECT_OBJC_ISA_USAGE = YES_ERROR;
				CLANG_WARN_DOCUMENTATION_COMMENTS = YES;
				CLANG_WARN_EMPTY_BODY = YES;
				CLANG_WARN_ENUM_CONVERSION = YES;
				CLANG_WARN_INFINITE_RECURSION = YES;
				CLANG_WARN_INT_CONVERSION = YES;
				CLANG_WARN_NON_LITERAL_NULL_CONVERSION = YES;
				CLANG_WARN_OBJC_IMPLICIT_RETAIN_SELF = YES;
				CLANG_WARN_OBJC_LITERAL_CONVERSION = YES;
				CLANG_WARN_OBJC_ROOT_CLASS = YES_ERROR;
				CLANG_WARN_QUOTED_INCLUDE_IN_FRAMEWORK_HEADER = YES;
				CLANG_WARN_RANGE_LOOP_ANALYSIS = YES;
				CLANG_WARN_STRICT_PROTOTYPES = YES;
				CLANG_WARN_SUSPICIOUS_MOVE = YES;
				CLANG_WARN_UNGUARDED_AVAILABILITY = YES_AGGRESSIVE;
				CLANG_WARN_UNREACHABLE_CODE = YES;
				CLANG_WARN__DUPLICATE_METHOD_MATCH = YES;
				COPY_PHASE_STRIP = NO;
				DEBUG_INFORMATION_FORMAT = "dwarf-with-dsym";
				ENABLE_NS_ASSERTIONS = NO;
				ENABLE_STRICT_OBJC_MSGSEND = YES;
				ENABLE_USER_SCRIPT_SANDBOXING = NO;
				GCC_C_LANGUAGE_STANDARD = gnu11;
				GCC_NO_COMMON_BLOCKS = YES;
				GCC_WARN_64_TO_32_BIT_CONVERSION = YES;
				GCC_WARN_ABOUT_RETURN_TYPE = YES_ERROR;
				GCC_WARN_UNDECLARED_SELECTOR = YES;
				GCC_WARN_UNINITIALIZED_AUTOS = YES_AGGRESSIVE;
				GCC_WARN_UNUSED_FUNCTION = YES;
				GCC_WARN_UNUSED_VARIABLE = YES;
				MACOSX_DEPLOYMENT_TARGET = 14.0;
				MTL_ENABLE_DEBUG_INFO = NO;
				MTL_FAST_MATH = YES;
				PRODUCT_NAME = "$(TARGET_NAME)";
				SDKROOT = macosx;
				SWIFT_COMPILATION_MODE = wholemodule;
				SWIFT_OPTIMIZATION_LEVEL = "-O";
				SWIFT_VERSION = 6.0;
			};
			name = Release;
		};
		9A4EFF0BC73635597394CA82 /* Debug */ = {
			isa = XCBuildConfiguration;
			buildSettings = {
				ASSETCATALOG_COMPILER_APPICON_NAME = AppIcon;
				CODE_SIGN_ENTITLEMENTS = App/DevPulse.entitlements;
				CODE_SIGN_STYLE = Automatic;
				COMBINE_HIDPI_IMAGES = YES;
				CURRENT_PROJECT_VERSION = 1;
				GENERATE_INFOPLIST_FILE = NO;
				INFOPLIST_FILE = App/Info.plist;
				LD_RUNPATH_SEARCH_PATHS = (
					"$(inherited)",
					"@executable_path/../Frameworks",
				);
				MARKETING_VERSION = 0.2.0;
				PRODUCT_BUNDLE_IDENTIFIER = local.devpulse.app;
				PRODUCT_NAME = DevPulse;
				SDKROOT = macosx;
			};
			name = Debug;
		};
		C5B90FFB14656B9E66A42584 /* Debug */ = {
			isa = XCBuildConfiguration;
			buildSettings = {
				APP_BUNDLE_ID = local.devpulse.app;
				CODE_SIGN_ENTITLEMENTS = Widget/DevPulseWidgetExtension.entitlements;
				CODE_SIGN_STYLE = Automatic;
				COMBINE_HIDPI_IMAGES = YES;
				CURRENT_PROJECT_VERSION = 1;
				GENERATE_INFOPLIST_FILE = NO;
				INFOPLIST_FILE = Widget/Info.plist;
				LD_RUNPATH_SEARCH_PATHS = (
					"$(inherited)",
					"@executable_path/../Frameworks",
					"@executable_path/../../../../Frameworks",
				);
				MARKETING_VERSION = 0.2.0;
				PRODUCT_BUNDLE_IDENTIFIER = local.devpulse.app.widget;
				PRODUCT_NAME = DevPulseWidgetExtension;
				SDKROOT = macosx;
			};
			name = Debug;
		};
		C64C040F379BE03DA39FE4C9 /* Release */ = {
			isa = XCBuildConfiguration;
			buildSettings = {
				ASSETCATALOG_COMPILER_APPICON_NAME = AppIcon;
				CODE_SIGN_ENTITLEMENTS = App/DevPulse.entitlements;
				CODE_SIGN_STYLE = Automatic;
				COMBINE_HIDPI_IMAGES = YES;
				CURRENT_PROJECT_VERSION = 1;
				ENABLE_HARDENED_RUNTIME = YES;
				GENERATE_INFOPLIST_FILE = NO;
				INFOPLIST_FILE = App/Info.plist;
				LD_RUNPATH_SEARCH_PATHS = (
					"$(inherited)",
					"@executable_path/../Frameworks",
				);
				MARKETING_VERSION = 0.2.0;
				PRODUCT_BUNDLE_IDENTIFIER = local.devpulse.app;
				PRODUCT_NAME = DevPulse;
				SDKROOT = macosx;
			};
			name = Release;
		};
		D2D72DD9CA3C5E3FEA187591 /* Debug */ = {
			isa = XCBuildConfiguration;
			buildSettings = {
				ALWAYS_SEARCH_USER_PATHS = NO;
				CLANG_ANALYZER_NONNULL = YES;
				CLANG_ANALYZER_NUMBER_OBJECT_CONVERSION = YES_AGGRESSIVE;
				CLANG_CXX_LANGUAGE_STANDARD = "gnu++14";
				CLANG_CXX_LIBRARY = "libc++";
				CLANG_ENABLE_MODULES = YES;
				CLANG_ENABLE_OBJC_ARC = YES;
				CLANG_ENABLE_OBJC_WEAK = YES;
				CLANG_WARN_BLOCK_CAPTURE_AUTORELEASING = YES;
				CLANG_WARN_BOOL_CONVERSION = YES;
				CLANG_WARN_COMMA = YES;
				CLANG_WARN_CONSTANT_CONVERSION = YES;
				CLANG_WARN_DEPRECATED_OBJC_IMPLEMENTATIONS = YES;
				CLANG_WARN_DIRECT_OBJC_ISA_USAGE = YES_ERROR;
				CLANG_WARN_DOCUMENTATION_COMMENTS = YES;
				CLANG_WARN_EMPTY_BODY = YES;
				CLANG_WARN_ENUM_CONVERSION = YES;
				CLANG_WARN_INFINITE_RECURSION = YES;
				CLANG_WARN_INT_CONVERSION = YES;
				CLANG_WARN_NON_LITERAL_NULL_CONVERSION = YES;
				CLANG_WARN_OBJC_IMPLICIT_RETAIN_SELF = YES;
				CLANG_WARN_OBJC_LITERAL_CONVERSION = YES;
				CLANG_WARN_OBJC_ROOT_CLASS = YES_ERROR;
				CLANG_WARN_QUOTED_INCLUDE_IN_FRAMEWORK_HEADER = YES;
				CLANG_WARN_RANGE_LOOP_ANALYSIS = YES;
				CLANG_WARN_STRICT_PROTOTYPES = YES;
				CLANG_WARN_SUSPICIOUS_MOVE = YES;
				CLANG_WARN_UNGUARDED_AVAILABILITY = YES_AGGRESSIVE;
				CLANG_WARN_UNREACHABLE_CODE = YES;
				CLANG_WARN__DUPLICATE_METHOD_MATCH = YES;
				COPY_PHASE_STRIP = NO;
				DEBUG_INFORMATION_FORMAT = dwarf;
				ENABLE_STRICT_OBJC_MSGSEND = YES;
				ENABLE_TESTABILITY = YES;
				ENABLE_USER_SCRIPT_SANDBOXING = NO;
				GCC_C_LANGUAGE_STANDARD = gnu11;
				GCC_DYNAMIC_NO_PIC = NO;
				GCC_NO_COMMON_BLOCKS = YES;
				GCC_OPTIMIZATION_LEVEL = 0;
				GCC_PREPROCESSOR_DEFINITIONS = (
					"$(inherited)",
					"DEBUG=1",
				);
				GCC_WARN_64_TO_32_BIT_CONVERSION = YES;
				GCC_WARN_ABOUT_RETURN_TYPE = YES_ERROR;
				GCC_WARN_UNDECLARED_SELECTOR = YES;
				GCC_WARN_UNINITIALIZED_AUTOS = YES_AGGRESSIVE;
				GCC_WARN_UNUSED_FUNCTION = YES;
				GCC_WARN_UNUSED_VARIABLE = YES;
				MACOSX_DEPLOYMENT_TARGET = 14.0;
				MTL_ENABLE_DEBUG_INFO = INCLUDE_SOURCE;
				MTL_FAST_MATH = YES;
				ONLY_ACTIVE_ARCH = YES;
				PRODUCT_NAME = "$(TARGET_NAME)";
				SDKROOT = macosx;
				SWIFT_ACTIVE_COMPILATION_CONDITIONS = DEBUG;
				SWIFT_OPTIMIZATION_LEVEL = "-Onone";
				SWIFT_VERSION = 6.0;
			};
			name = Debug;
		};
		E62032B7FB22002034A90331 /* Release */ = {
			isa = XCBuildConfiguration;
			buildSettings = {
				APP_BUNDLE_ID = local.devpulse.app;
				CODE_SIGN_ENTITLEMENTS = Widget/DevPulseWidgetExtension.entitlements;
				CODE_SIGN_STYLE = Automatic;
				COMBINE_HIDPI_IMAGES = YES;
				CURRENT_PROJECT_VERSION = 1;
				ENABLE_HARDENED_RUNTIME = YES;
				GENERATE_INFOPLIST_FILE = NO;
				INFOPLIST_FILE = Widget/Info.plist;
				LD_RUNPATH_SEARCH_PATHS = (
					"$(inherited)",
					"@executable_path/../Frameworks",
					"@executable_path/../../../../Frameworks",
				);
				MARKETING_VERSION = 0.2.0;
				PRODUCT_BUNDLE_IDENTIFIER = local.devpulse.app.widget;
				PRODUCT_NAME = DevPulseWidgetExtension;
				SDKROOT = macosx;
			};
			name = Release;
		};
/* End XCBuildConfiguration section */

/* Begin XCConfigurationList section */
		C062BE64E4CA11B0751B52A1 /* Build configuration list for PBXProject "DevPulseNative" */ = {
			isa = XCConfigurationList;
			buildConfigurations = (
				D2D72DD9CA3C5E3FEA187591 /* Debug */,
				8FBC02FED8A8FBDD6419159E /* Release */,
			);
			defaultConfigurationIsVisible = 0;
			defaultConfigurationName = Debug;
		};
		D934B139AF555D82177EADFA /* Build configuration list for PBXNativeTarget "DevPulse" */ = {
			isa = XCConfigurationList;
			buildConfigurations = (
				9A4EFF0BC73635597394CA82 /* Debug */,
				C64C040F379BE03DA39FE4C9 /* Release */,
			);
			defaultConfigurationIsVisible = 0;
			defaultConfigurationName = Debug;
		};
		EDBAC3C62E298E813A98A8AB /* Build configuration list for PBXNativeTarget "DevPulseTests" */ = {
			isa = XCConfigurationList;
			buildConfigurations = (
				343426621950804E25E4A155 /* Debug */,
				0DDBBD8D51C2124E76A53BFB /* Release */,
			);
			defaultConfigurationIsVisible = 0;
			defaultConfigurationName = Debug;
		};
		FB486F3D5E30C459BC787D14 /* Build configuration list for PBXNativeTarget "DevPulseWidgetExtension" */ = {
			isa = XCConfigurationList;
			buildConfigurations = (
				C5B90FFB14656B9E66A42584 /* Debug */,
				E62032B7FB22002034A90331 /* Release */,
			);
			defaultConfigurationIsVisible = 0;
			defaultConfigurationName = Debug;
		};
/* End XCConfigurationList section */
	};
	rootObject = 1183CFAD533E449E5E0F43B7 /* Project object */;
}
